
Microsoft Visual Studio Solution File, Format Version 12.00
# Visual Studio Version 16
VisualStudioVersion = 16.0.30804.86
MinimumVisualStudioVersion = 15.0.26124.0
Project("{9A19103F-16F7-4668-BE54-9A1E7A4F7556}") = "Metrist.Core", "Metrist.Core\Metrist.Core.csproj", "{74AAFECD-9E4D-406C-9440-B6A3A661FB2C}"
EndProject
Project("{9A19103F-16F7-4668-BE54-9A1E7A4F7556}") = "Metrist.Monitors.PagerDuty", "pagerduty\Metrist.Monitors.PagerDuty\Metrist.Monitors.PagerDuty.csproj", "{4AC671E0-5C23-4682-A253-809EAE5DBB2D}"
EndProject
Project("{9A19103F-16F7-4668-BE54-9A1E7A4F7556}") = "Metrist.Monitors.Artifactory", "artifactory\Metrist.Monitors.Artifactory\Metrist.Monitors.Artifactory.csproj", "{BB01D1CB-CDD8-4907-9CE3-C559B86C503E}"
EndProject
Project("{9A19103F-16F7-4668-BE54-9A1E7A4F7556}") = "Metrist.Monitors.AzureBlob", "azureblob\Metrist.Monitors.AzureBlob\Metrist.Monitors.AzureBlob.csproj", "{DA82A66D-D461-45FC-B56E-44A52FA203B4}"
EndProject
Project("{9A19103F-16F7-4668-BE54-9A1E7A4F7556}") = "Metrist.Monitors.AzureVM", "azurevm\Metrist.Monitors.AzureVM\Metrist.Monitors.AzureVM.csproj", "{C84F881C-C478-4947-8610-3D1CB1F154C7}"
EndProject
Project("{9A19103F-16F7-4668-BE54-9A1E7A4F7556}") = "Metrist.Monitors.AzureAD", "azuread\Metrist.Monitors.AzureAD\Metrist.Monitors.AzureAD.csproj", "{4EC22DB4-A690-4AC5-A664-D9579F56E0FF}"
EndProject
Project("{9A19103F-16F7-4668-BE54-9A1E7A4F7556}") = "Metrist.Monitors.AzureDB", "azuredb\Metrist.Monitors.AzureDB\Metrist.Monitors.AzureDB.csproj", "{336BE909-CB56-4C39-8C6A-73540CF25052}"
EndProject
Project("{9A19103F-16F7-4668-BE54-9A1E7A4F7556}") = "Metrist.Monitors.AzureAKS", "azureaks\Metrist.Monitors.AzureAKS\Metrist.Monitors.AzureAKS.csproj", "{2F6CBF0F-B44F-49DB-ABEF-410C3F5F2004}"
EndProject
Project("{FAE04EC0-301F-11D3-BF4B-00C04F79EFBC}") = "Metrist.Monitors.Avalara", "avalara\Metrist.Monitors.Avalara\Metrist.Monitors.Avalara.csproj", "{2335B711-84C0-428A-89D2-C5F65E5EAB56}"
EndProject
Project("{9A19103F-16F7-4668-BE54-9A1E7A4F7556}") = "Metrist.Monitors.Bambora", "bambora\Metrist.Monitors.Bambora\Metrist.Monitors.Bambora.csproj", "{70DFAD9D-26CB-4356-8887-22A8FB62664E}"
EndProject
Project("{9A19103F-16F7-4668-BE54-9A1E7A4F7556}") = "Metrist.Monitors.CircleCI", "circleci\Metrist.Monitors.CircleCI\Metrist.Monitors.CircleCI.csproj", "{9BC535E5-F096-4F73-B121-39DE4EC8F14F}"
EndProject
Project("{9A19103F-16F7-4668-BE54-9A1E7A4F7556}") = "Metrist.Monitors.CloudFlare", "cloudflare\Metrist.Monitors.CloudFlare\Metrist.Monitors.CloudFlare.csproj", "{B60625BE-3CAD-4EB4-8D67-DCA044CC412C}"
EndProject
Project("{9A19103F-16F7-4668-BE54-9A1E7A4F7556}") = "Metrist.Monitors.Cognito", "cognito\Metrist.Monitors.Cognito\Metrist.Monitors.Cognito.csproj", "{64AD360A-8EEC-45E4-A995-0FAC15823A64}"
EndProject
Project("{9A19103F-16F7-4668-BE54-9A1E7A4F7556}") = "Metrist.Monitors.Datadog", "datadog\Metrist.Monitors.Datadog\Metrist.Monitors.Datadog.csproj", "{95C55460-346E-4353-B55A-C52802664FDF}"
EndProject
Project("{9A19103F-16F7-4668-BE54-9A1E7A4F7556}") = "Metrist.Monitors.EasyPost", "easypost\Metrist.Monitors.EasyPost\Metrist.Monitors.EasyPost.csproj", "{4A723C2A-2BFD-4F95-8D6A-93B0116335F3}"
EndProject
Project("{9A19103F-16F7-4668-BE54-9A1E7A4F7556}") = "Metrist.Monitors.EC2", "ec2\Metrist.Monitors.EC2\Metrist.Monitors.EC2.csproj", "{3B3A7577-1972-4106-AB04-CF50BF45B743}"
EndProject
Project("{9A19103F-16F7-4668-BE54-9A1E7A4F7556}") = "Metrist.Monitors.Fastly", "fastly\Metrist.Monitors.Fastly\Metrist.Monitors.Fastly.csproj", "{06FA22C5-220E-435F-935B-CFC0AA90AB6F}"
EndProject
Project("{9A19103F-16F7-4668-BE54-9A1E7A4F7556}") = "Metrist.Monitors.GitHub", "github\Metrist.Monitors.GitHub\Metrist.Monitors.GitHub.csproj", "{7CB9F3E4-86A8-4839-A788-67C3F45204A6}"
EndProject
Project("{9A19103F-16F7-4668-BE54-9A1E7A4F7556}") = "Metrist.Monitors.GCal", "gcal\Metrist.Monitors.GCal\Metrist.Monitors.GCal.csproj", "{457355EE-1B22-4EAF-B8C7-AD95369C5A23}"
EndProject
Project("{9A19103F-16F7-4668-BE54-9A1E7A4F7556}") = "Metrist.Monitors.HubSpot", "hubspot\Metrist.Monitors.HubSpot\Metrist.Monitors.HubSpot.csproj", "{A3A071B2-C7C8-4A8F-A8B7-305468B0D4B4}"
EndProject
Project("{9A19103F-16F7-4668-BE54-9A1E7A4F7556}") = "Metrist.Monitors.Jira", "jira\Metrist.Monitors.Jira\Metrist.Monitors.Jira.csproj", "{916B9362-27DA-4514-97C8-4EC83296D4E3}"
EndProject
Project("{9A19103F-16F7-4668-BE54-9A1E7A4F7556}") = "Metrist.Monitors.Moneris", "moneris\Metrist.Monitors.Moneris\Metrist.Monitors.Moneris.csproj", "{23098FE7-C3FC-4FCE-A7F0-E734125D40B8}"
EndProject
Project("{9A19103F-16F7-4668-BE54-9A1E7A4F7556}") = "Metrist.Monitors.NPM", "npm\Metrist.Monitors.NPM\Metrist.Monitors.NPM.csproj", "{74C5AA7D-5CF1-4ABA-B663-0D2D8BE590A8}"
EndProject
Project("{9A19103F-16F7-4668-BE54-9A1E7A4F7556}") = "Metrist.Monitors.Nuget", "nuget\Metrist.Monitors.Nuget\Metrist.Monitors.Nuget.csproj", "{5761D2F7-F7E7-4DC7-AA90-BCADCCBE5240}"
EndProject
Project("{9A19103F-16F7-4668-BE54-9A1E7A4F7556}") = "Metrist.Monitors.PubNub", "pubnub\Metrist.Monitors.PubNub\Metrist.Monitors.PubNub.csproj", "{20970F31-0C2F-4C1E-878D-AC3A9DA55916}"
EndProject
Project("{9A19103F-16F7-4668-BE54-9A1E7A4F7556}") = "Metrist.Monitors.S3", "s3\Metrist.Monitors.S3\Metrist.Monitors.S3.csproj", "{B6A24E58-A33A-4670-BF84-8CB0F0E46C12}"
EndProject
Project("{9A19103F-16F7-4668-BE54-9A1E7A4F7556}") = "Metrist.Monitors.SendGrid", "sendgrid\Metrist.Monitors.SendGrid\Metrist.Monitors.SendGrid.csproj", "{DB29B774-8A54-448E-B278-75E8C6B27296}"
EndProject
Project("{9A19103F-16F7-4668-BE54-9A1E7A4F7556}") = "Metrist.Monitors.SES", "ses\Metrist.Monitors.SES\Metrist.Monitors.SES.csproj", "{246A6BAB-9A6B-453D-8DB9-75DE6E2BC235}"
EndProject
Project("{9A19103F-16F7-4668-BE54-9A1E7A4F7556}") = "Metrist.Monitors.Slack", "slack\Metrist.Monitors.Slack\Metrist.Monitors.Slack.csproj", "{FE5E56CC-5B95-4E02-A7A1-C6553D7D286F}"
EndProject
Project("{9A19103F-16F7-4668-BE54-9A1E7A4F7556}") = "Metrist.Monitors.Stripe", "stripe\Metrist.Monitors.Stripe\Metrist.Monitors.Stripe.csproj", "{7E75FBE7-AA4E-4778-9671-4295DB393634}"
EndProject
Project("{9A19103F-16F7-4668-BE54-9A1E7A4F7556}") = "Metrist.Monitors.Trello", "trello\Metrist.Monitors.Trello\Metrist.Monitors.Trello.csproj", "{EA8A3349-C98D-482A-B4C7-FCC5589CF015}"
EndProject
Project("{9A19103F-16F7-4668-BE54-9A1E7A4F7556}") = "Metrist.Monitors.Zendesk", "zendesk\Metrist.Monitors.Zendesk\Metrist.Monitors.Zendesk.csproj", "{7C8622EA-3024-4085-BF06-AB6CD58FC91C}"
EndProject
Project("{9A19103F-16F7-4668-BE54-9A1E7A4F7556}") = "Metrist.Monitors.Zoom", "zoom\Metrist.Monitors.Zoom\Metrist.Monitors.Zoom.csproj", "{C922F551-9737-4CED-BDFB-E9CB91F5F671}"
EndProject
Project("{FAE04EC0-301F-11D3-BF4B-00C04F79EFBC}") = "Metrist.Monitors.Authzero", "authzero\Metrist.Monitors.Authzero\Metrist.Monitors.Authzero.csproj", "{9D1727D8-A5B6-4958-8D7A-CD2272C990D9}"
EndProject
Project("{FAE04EC0-301F-11D3-BF4B-00C04F79EFBC}") = "Metrist.Monitors.Braintree", "braintree\Metrist.Monitors.Braintree\Metrist.Monitors.Braintree.csproj", "{5CCB7A65-5540-4A04-AA6D-837CA0D26659}"
EndProject
Project("{FAE04EC0-301F-11D3-BF4B-00C04F79EFBC}") = "Metrist.Monitors.GKE", "gke\Metrist.Monitors.GKE\Metrist.Monitors.GKE.csproj", "{22D34C84-2579-4E4B-85F1-7AD58602B8DA}"
EndProject
Project("{FAE04EC0-301F-11D3-BF4B-00C04F79EFBC}") = "Metrist.Monitors.GMaps", "gmaps\Metrist.Monitors.GMaps\Metrist.Monitors.GMaps.csproj", "{6CC3A5C4-B0AE-47FE-B3E9-6CBD126DE174}"
EndProject
Project("{FAE04EC0-301F-11D3-BF4B-00C04F79EFBC}") = "Metrist.Monitors.Kinesis", "kinesis\Metrist.Monitors.Kinesis\Metrist.Monitors.Kinesis.csproj", "{B0C63008-87A1-4908-9078-6DD060671AFA}"
EndProject
Project("{FAE04EC0-301F-11D3-BF4B-00C04F79EFBC}") = "Metrist.Monitors.Heroku", "heroku\Metrist.Monitors.Heroku\Metrist.Monitors.Heroku.csproj", "{BC9B0367-7D8D-40D8-B3E9-14BA57498ED3}"
EndProject
Project("{FAE04EC0-301F-11D3-BF4B-00C04F79EFBC}") = "Metrist.Runner", "Metrist.Runner\Metrist.Runner.csproj", "{FB605668-A889-4DCA-ABB4-5858FA325D2B}"
EndProject
Project("{FAE04EC0-301F-11D3-BF4B-00C04F79EFBC}") = "Metrist.Webhooks", "Metrist.Webhooks\Metrist.Webhooks.csproj", "{BBEE1B43-1D7F-4A14-8AC1-6B9567D6C62D}"
EndProject
Project("{FAE04EC0-301F-11D3-BF4B-00C04F79EFBC}") = "Metrist.Monitors.TestSignal", "testsignal\Metrist.Monitors.TestSignal\Metrist.Monitors.TestSignal.csproj", "{4A12A135-3880-4C62-9A69-3AB67E386439}"
EndProject
Project("{FAE04EC0-301F-11D3-BF4B-00C04F79EFBC}") = "Metrist.Monitors.AwsLambda", "awslambda\Metrist.Monitors.AwsLambda\Metrist.Monitors.AwsLambda.csproj", "{97DA2007-1F6A-462E-8BA2-B6E257280469}"
EndProject
Project("{FAE04EC0-301F-11D3-BF4B-00C04F79EFBC}") = "Metrist.Monitors.Sentry", "sentry\Metrist.Monitors.Sentry\Metrist.Monitors.Sentry.csproj", "{A7943D7B-65BA-4774-9228-E807871AB620}"
EndProject
Project("{FAE04EC0-301F-11D3-BF4B-00C04F79EFBC}") = "Metrist.Monitors.SQS", "sqs\Metrist.Monitors.SQS\Metrist.Monitors.SQS.csproj", "{3A61CE93-6B80-4D82-8187-B11D39A66853}"
EndProject
Project("{FAE04EC0-301F-11D3-BF4B-00C04F79EFBC}") = "Metrist.Monitors.TwilioVid", "twiliovid\Metrist.Monitors.TwilioVid\Metrist.Monitors.TwilioVid.csproj", "{4ABDD220-8505-464F-A123-9A9DE40197FC}"
EndProject
Project("{FAE04EC0-301F-11D3-BF4B-00C04F79EFBC}") = "Metrist.Monitors.AzureSQL", "azuresql\Metrist.Monitors.AzureSQL\Metrist.Monitors.AzureSQL.csproj", "{68535869-C335-4893-B3C8-E9BD39D43750}"
EndProject
Project("{FAE04EC0-301F-11D3-BF4B-00C04F79EFBC}") = "Metrist.Monitors.AzureFncs", "azurefncs\Metrist.Monitors.AzureFncs\Metrist.Monitors.AzureFncs.csproj", "{BE2EC4BF-BA7F-4DA6-99AE-F43DB518760E}"
EndProject
Project("{FAE04EC0-301F-11D3-BF4B-00C04F79EFBC}") = "Metrist.Monitors.AzureDevOpsBoards", "azuredevopsboards\Metrist.Monitors.AzureDevOpsBoards\Metrist.Monitors.AzureDevOpsBoards.csproj", "{5961EBA7-3545-4FD4-B30E-6949A275AB0C}"
EndProject
Project("{FAE04EC0-301F-11D3-BF4B-00C04F79EFBC}") = "Metrist.Monitors.AzureDevOpsTestPlans", "azuredevopstestplans\Metrist.Monitors.AzureDevOpsTestPlans\Metrist.Monitors.AzureDevOpsTestPlans.csproj", "{E38F9524-C769-48E8-BF48-9D2E378EBDB3}"
EndProject
Project("{FAE04EC0-301F-11D3-BF4B-00C04F79EFBC}") = "Metrist.Monitors.AzureDevOpsArtifacts", "azuredevopsartifacts\Metrist.Monitors.AzureDevOpsArtifacts\Metrist.Monitors.AzureDevOpsArtifacts.csproj", "{7EDA6FD5-0DD6-4F79-AC68-9D34BCCC90B3}"
EndProject
Project("{FAE04EC0-301F-11D3-BF4B-00C04F79EFBC}") = "Metrist.Monitors.Asana", "asana\Metrist.Monitors.Asana\Metrist.Monitors.Asana.csproj", "{B3F50FFF-DF90-4E26-A889-432FEBE91F8A}"
EndProject
Project("{FAE04EC0-301F-11D3-BF4B-00C04F79EFBC}") = "Metrist.Monitors.AWSCloudfront", "awscloudfront\Metrist.Monitors.AWSCloudfront\Metrist.Monitors.AWSCloudfront.csproj", "{BE26F0C3-D4EC-468E-993E-8945AD632BE1}"
EndProject
Project("{FAE04EC0-301F-11D3-BF4B-00C04F79EFBC}") = "Metrist.Monitors.AWSEKS", "awseks\Metrist.Monitors.AWSEKS\Metrist.Monitors.AWSEKS.csproj", "{997BE6EC-EB65-43EC-9BC0-750B2A57AEE2}"
EndProject
Project("{FAE04EC0-301F-11D3-BF4B-00C04F79EFBC}") = "Metrist.Monitors.AzureDevOpsPipelines", "azuredevopspipelines\Metrist.Monitors.AzureDevOpsPipelines\Metrist.Monitors.AzureDevOpsPipelines.csproj", "{EC686AFC-4156-40E1-BB5A-22D8E1AAD682}"
EndProject
Project("{FAE04EC0-301F-11D3-BF4B-00C04F79EFBC}") = "Metrist.Monitors.AzureMonitor", "azuremonitor\Metrist.Monitors.AzureMonitor\Metrist.Monitors.AzureMonitor.csproj", "{7B2A334A-80A3-4BED-B595-B44153778B05}"
EndProject
Project("{FAE04EC0-301F-11D3-BF4B-00C04F79EFBC}") = "Metrist.Monitors.GCPCloudStorage", "gcpcloudstorage\Metrist.Monitors.GCPCloudStorage\Metrist.Monitors.GCPCloudStorage.csproj", "{DEDCF2A1-4B83-475F-AFF4-A981F8D8D463}"
EndProject
Global
	GlobalSection(SolutionConfigurationPlatforms) = preSolution
		Debug|Any CPU = Debug|Any CPU
		Debug|x64 = Debug|x64
		Debug|x86 = Debug|x86
		Release|Any CPU = Release|Any CPU
		Release|x64 = Release|x64
		Release|x86 = Release|x86
	EndGlobalSection
	GlobalSection(ProjectConfigurationPlatforms) = postSolution
		{74AAFECD-9E4D-406C-9440-B6A3A661FB2C}.Debug|Any CPU.ActiveCfg = Debug|Any CPU
		{74AAFECD-9E4D-406C-9440-B6A3A661FB2C}.Debug|Any CPU.Build.0 = Debug|Any CPU
		{74AAFECD-9E4D-406C-9440-B6A3A661FB2C}.Debug|x64.ActiveCfg = Debug|Any CPU
		{74AAFECD-9E4D-406C-9440-B6A3A661FB2C}.Debug|x64.Build.0 = Debug|Any CPU
		{74AAFECD-9E4D-406C-9440-B6A3A661FB2C}.Debug|x86.ActiveCfg = Debug|Any CPU
		{74AAFECD-9E4D-406C-9440-B6A3A661FB2C}.Debug|x86.Build.0 = Debug|Any CPU
		{74AAFECD-9E4D-406C-9440-B6A3A661FB2C}.Release|Any CPU.ActiveCfg = Release|Any CPU
		{74AAFECD-9E4D-406C-9440-B6A3A661FB2C}.Release|Any CPU.Build.0 = Release|Any CPU
		{74AAFECD-9E4D-406C-9440-B6A3A661FB2C}.Release|x64.ActiveCfg = Release|Any CPU
		{74AAFECD-9E4D-406C-9440-B6A3A661FB2C}.Release|x64.Build.0 = Release|Any CPU
		{74AAFECD-9E4D-406C-9440-B6A3A661FB2C}.Release|x86.ActiveCfg = Release|Any CPU
		{74AAFECD-9E4D-406C-9440-B6A3A661FB2C}.Release|x86.Build.0 = Release|Any CPU
		{4AC671E0-5C23-4682-A253-809EAE5DBB2D}.Debug|Any CPU.ActiveCfg = Debug|Any CPU
		{4AC671E0-5C23-4682-A253-809EAE5DBB2D}.Debug|Any CPU.Build.0 = Debug|Any CPU
		{4AC671E0-5C23-4682-A253-809EAE5DBB2D}.Debug|x64.ActiveCfg = Debug|Any CPU
		{4AC671E0-5C23-4682-A253-809EAE5DBB2D}.Debug|x64.Build.0 = Debug|Any CPU
		{4AC671E0-5C23-4682-A253-809EAE5DBB2D}.Debug|x86.ActiveCfg = Debug|Any CPU
		{4AC671E0-5C23-4682-A253-809EAE5DBB2D}.Debug|x86.Build.0 = Debug|Any CPU
		{4AC671E0-5C23-4682-A253-809EAE5DBB2D}.Release|Any CPU.ActiveCfg = Release|Any CPU
		{4AC671E0-5C23-4682-A253-809EAE5DBB2D}.Release|Any CPU.Build.0 = Release|Any CPU
		{4AC671E0-5C23-4682-A253-809EAE5DBB2D}.Release|x64.ActiveCfg = Release|Any CPU
		{4AC671E0-5C23-4682-A253-809EAE5DBB2D}.Release|x64.Build.0 = Release|Any CPU
		{4AC671E0-5C23-4682-A253-809EAE5DBB2D}.Release|x86.ActiveCfg = Release|Any CPU
		{4AC671E0-5C23-4682-A253-809EAE5DBB2D}.Release|x86.Build.0 = Release|Any CPU
		{BB01D1CB-CDD8-4907-9CE3-C559B86C503E}.Debug|Any CPU.ActiveCfg = Debug|Any CPU
		{BB01D1CB-CDD8-4907-9CE3-C559B86C503E}.Debug|Any CPU.Build.0 = Debug|Any CPU
		{BB01D1CB-CDD8-4907-9CE3-C559B86C503E}.Debug|x64.ActiveCfg = Debug|Any CPU
		{BB01D1CB-CDD8-4907-9CE3-C559B86C503E}.Debug|x64.Build.0 = Debug|Any CPU
		{BB01D1CB-CDD8-4907-9CE3-C559B86C503E}.Debug|x86.ActiveCfg = Debug|Any CPU
		{BB01D1CB-CDD8-4907-9CE3-C559B86C503E}.Debug|x86.Build.0 = Debug|Any CPU
		{BB01D1CB-CDD8-4907-9CE3-C559B86C503E}.Release|Any CPU.ActiveCfg = Release|Any CPU
		{BB01D1CB-CDD8-4907-9CE3-C559B86C503E}.Release|Any CPU.Build.0 = Release|Any CPU
		{BB01D1CB-CDD8-4907-9CE3-C559B86C503E}.Release|x64.ActiveCfg = Release|Any CPU
		{BB01D1CB-CDD8-4907-9CE3-C559B86C503E}.Release|x64.Build.0 = Release|Any CPU
		{BB01D1CB-CDD8-4907-9CE3-C559B86C503E}.Release|x86.ActiveCfg = Release|Any CPU
		{BB01D1CB-CDD8-4907-9CE3-C559B86C503E}.Release|x86.Build.0 = Release|Any CPU
		{DA82A66D-D461-45FC-B56E-44A52FA203B4}.Debug|Any CPU.ActiveCfg = Debug|Any CPU
		{DA82A66D-D461-45FC-B56E-44A52FA203B4}.Debug|Any CPU.Build.0 = Debug|Any CPU
		{DA82A66D-D461-45FC-B56E-44A52FA203B4}.Debug|x64.ActiveCfg = Debug|Any CPU
		{DA82A66D-D461-45FC-B56E-44A52FA203B4}.Debug|x64.Build.0 = Debug|Any CPU
		{DA82A66D-D461-45FC-B56E-44A52FA203B4}.Debug|x86.ActiveCfg = Debug|Any CPU
		{DA82A66D-D461-45FC-B56E-44A52FA203B4}.Debug|x86.Build.0 = Debug|Any CPU
		{DA82A66D-D461-45FC-B56E-44A52FA203B4}.Release|Any CPU.ActiveCfg = Release|Any CPU
		{DA82A66D-D461-45FC-B56E-44A52FA203B4}.Release|Any CPU.Build.0 = Release|Any CPU
		{DA82A66D-D461-45FC-B56E-44A52FA203B4}.Release|x64.ActiveCfg = Release|Any CPU
		{DA82A66D-D461-45FC-B56E-44A52FA203B4}.Release|x64.Build.0 = Release|Any CPU
		{DA82A66D-D461-45FC-B56E-44A52FA203B4}.Release|x86.ActiveCfg = Release|Any CPU
		{DA82A66D-D461-45FC-B56E-44A52FA203B4}.Release|x86.Build.0 = Release|Any CPU
		{C84F881C-C478-4947-8610-3D1CB1F154C7}.Debug|Any CPU.ActiveCfg = Debug|Any CPU
		{C84F881C-C478-4947-8610-3D1CB1F154C7}.Debug|Any CPU.Build.0 = Debug|Any CPU
		{C84F881C-C478-4947-8610-3D1CB1F154C7}.Debug|x64.ActiveCfg = Debug|Any CPU
		{C84F881C-C478-4947-8610-3D1CB1F154C7}.Debug|x64.Build.0 = Debug|Any CPU
		{C84F881C-C478-4947-8610-3D1CB1F154C7}.Debug|x86.ActiveCfg = Debug|Any CPU
		{C84F881C-C478-4947-8610-3D1CB1F154C7}.Debug|x86.Build.0 = Debug|Any CPU
		{C84F881C-C478-4947-8610-3D1CB1F154C7}.Release|Any CPU.ActiveCfg = Release|Any CPU
		{C84F881C-C478-4947-8610-3D1CB1F154C7}.Release|Any CPU.Build.0 = Release|Any CPU
		{C84F881C-C478-4947-8610-3D1CB1F154C7}.Release|x64.ActiveCfg = Release|Any CPU
		{C84F881C-C478-4947-8610-3D1CB1F154C7}.Release|x64.Build.0 = Release|Any CPU
		{C84F881C-C478-4947-8610-3D1CB1F154C7}.Release|x86.ActiveCfg = Release|Any CPU
		{C84F881C-C478-4947-8610-3D1CB1F154C7}.Release|x86.Build.0 = Release|Any CPU
		{4EC22DB4-A690-4AC5-A664-D9579F56E0FF}.Debug|Any CPU.ActiveCfg = Debug|Any CPU
		{4EC22DB4-A690-4AC5-A664-D9579F56E0FF}.Debug|Any CPU.Build.0 = Debug|Any CPU
		{4EC22DB4-A690-4AC5-A664-D9579F56E0FF}.Debug|x64.ActiveCfg = Debug|Any CPU
		{4EC22DB4-A690-4AC5-A664-D9579F56E0FF}.Debug|x64.Build.0 = Debug|Any CPU
		{4EC22DB4-A690-4AC5-A664-D9579F56E0FF}.Debug|x86.ActiveCfg = Debug|Any CPU
		{4EC22DB4-A690-4AC5-A664-D9579F56E0FF}.Debug|x86.Build.0 = Debug|Any CPU
		{4EC22DB4-A690-4AC5-A664-D9579F56E0FF}.Release|Any CPU.ActiveCfg = Release|Any CPU
		{4EC22DB4-A690-4AC5-A664-D9579F56E0FF}.Release|Any CPU.Build.0 = Release|Any CPU
		{4EC22DB4-A690-4AC5-A664-D9579F56E0FF}.Release|x64.ActiveCfg = Release|Any CPU
		{4EC22DB4-A690-4AC5-A664-D9579F56E0FF}.Release|x64.Build.0 = Release|Any CPU
		{4EC22DB4-A690-4AC5-A664-D9579F56E0FF}.Release|x86.ActiveCfg = Release|Any CPU
		{4EC22DB4-A690-4AC5-A664-D9579F56E0FF}.Release|x86.Build.0 = Release|Any CPU
		{336BE909-CB56-4C39-8C6A-73540CF25052}.Debug|Any CPU.ActiveCfg = Debug|Any CPU
		{336BE909-CB56-4C39-8C6A-73540CF25052}.Debug|Any CPU.Build.0 = Debug|Any CPU
		{336BE909-CB56-4C39-8C6A-73540CF25052}.Debug|x64.ActiveCfg = Debug|Any CPU
		{336BE909-CB56-4C39-8C6A-73540CF25052}.Debug|x64.Build.0 = Debug|Any CPU
		{336BE909-CB56-4C39-8C6A-73540CF25052}.Debug|x86.ActiveCfg = Debug|Any CPU
		{336BE909-CB56-4C39-8C6A-73540CF25052}.Debug|x86.Build.0 = Debug|Any CPU
		{336BE909-CB56-4C39-8C6A-73540CF25052}.Release|Any CPU.ActiveCfg = Release|Any CPU
		{336BE909-CB56-4C39-8C6A-73540CF25052}.Release|Any CPU.Build.0 = Release|Any CPU
		{336BE909-CB56-4C39-8C6A-73540CF25052}.Release|x64.ActiveCfg = Release|Any CPU
		{336BE909-CB56-4C39-8C6A-73540CF25052}.Release|x64.Build.0 = Release|Any CPU
		{336BE909-CB56-4C39-8C6A-73540CF25052}.Release|x86.ActiveCfg = Release|Any CPU
		{336BE909-CB56-4C39-8C6A-73540CF25052}.Release|x86.Build.0 = Release|Any CPU
		{2F6CBF0F-B44F-49DB-ABEF-410C3F5F2004}.Debug|Any CPU.ActiveCfg = Debug|Any CPU
		{2F6CBF0F-B44F-49DB-ABEF-410C3F5F2004}.Debug|Any CPU.Build.0 = Debug|Any CPU
		{2F6CBF0F-B44F-49DB-ABEF-410C3F5F2004}.Debug|x64.ActiveCfg = Debug|Any CPU
		{2F6CBF0F-B44F-49DB-ABEF-410C3F5F2004}.Debug|x64.Build.0 = Debug|Any CPU
		{2F6CBF0F-B44F-49DB-ABEF-410C3F5F2004}.Debug|x86.ActiveCfg = Debug|Any CPU
		{2F6CBF0F-B44F-49DB-ABEF-410C3F5F2004}.Debug|x86.Build.0 = Debug|Any CPU
		{2F6CBF0F-B44F-49DB-ABEF-410C3F5F2004}.Release|Any CPU.ActiveCfg = Release|Any CPU
		{2F6CBF0F-B44F-49DB-ABEF-410C3F5F2004}.Release|Any CPU.Build.0 = Release|Any CPU
		{2F6CBF0F-B44F-49DB-ABEF-410C3F5F2004}.Release|x64.ActiveCfg = Release|Any CPU
		{2F6CBF0F-B44F-49DB-ABEF-410C3F5F2004}.Release|x64.Build.0 = Release|Any CPU
		{2F6CBF0F-B44F-49DB-ABEF-410C3F5F2004}.Release|x86.ActiveCfg = Release|Any CPU
		{2F6CBF0F-B44F-49DB-ABEF-410C3F5F2004}.Release|x86.Build.0 = Release|Any CPU
		{2335B711-84C0-428A-89D2-C5F65E5EAB56}.Debug|Any CPU.ActiveCfg = Debug|Any CPU
		{2335B711-84C0-428A-89D2-C5F65E5EAB56}.Debug|Any CPU.Build.0 = Debug|Any CPU
		{2335B711-84C0-428A-89D2-C5F65E5EAB56}.Debug|x64.ActiveCfg = Debug|Any CPU
		{2335B711-84C0-428A-89D2-C5F65E5EAB56}.Debug|x64.Build.0 = Debug|Any CPU
		{2335B711-84C0-428A-89D2-C5F65E5EAB56}.Debug|x86.ActiveCfg = Debug|Any CPU
		{2335B711-84C0-428A-89D2-C5F65E5EAB56}.Debug|x86.Build.0 = Debug|Any CPU
		{2335B711-84C0-428A-89D2-C5F65E5EAB56}.Release|Any CPU.ActiveCfg = Release|Any CPU
		{2335B711-84C0-428A-89D2-C5F65E5EAB56}.Release|Any CPU.Build.0 = Release|Any CPU
		{2335B711-84C0-428A-89D2-C5F65E5EAB56}.Release|x64.ActiveCfg = Release|Any CPU
		{2335B711-84C0-428A-89D2-C5F65E5EAB56}.Release|x64.Build.0 = Release|Any CPU
		{2335B711-84C0-428A-89D2-C5F65E5EAB56}.Release|x86.ActiveCfg = Release|Any CPU
		{2335B711-84C0-428A-89D2-C5F65E5EAB56}.Release|x86.Build.0 = Release|Any CPU
		{70DFAD9D-26CB-4356-8887-22A8FB62664E}.Debug|Any CPU.ActiveCfg = Debug|Any CPU
		{70DFAD9D-26CB-4356-8887-22A8FB62664E}.Debug|Any CPU.Build.0 = Debug|Any CPU
		{70DFAD9D-26CB-4356-8887-22A8FB62664E}.Debug|x64.ActiveCfg = Debug|Any CPU
		{70DFAD9D-26CB-4356-8887-22A8FB62664E}.Debug|x64.Build.0 = Debug|Any CPU
		{70DFAD9D-26CB-4356-8887-22A8FB62664E}.Debug|x86.ActiveCfg = Debug|Any CPU
		{70DFAD9D-26CB-4356-8887-22A8FB62664E}.Debug|x86.Build.0 = Debug|Any CPU
		{70DFAD9D-26CB-4356-8887-22A8FB62664E}.Release|Any CPU.ActiveCfg = Release|Any CPU
		{70DFAD9D-26CB-4356-8887-22A8FB62664E}.Release|Any CPU.Build.0 = Release|Any CPU
		{70DFAD9D-26CB-4356-8887-22A8FB62664E}.Release|x64.ActiveCfg = Release|Any CPU
		{70DFAD9D-26CB-4356-8887-22A8FB62664E}.Release|x64.Build.0 = Release|Any CPU
		{70DFAD9D-26CB-4356-8887-22A8FB62664E}.Release|x86.ActiveCfg = Release|Any CPU
		{70DFAD9D-26CB-4356-8887-22A8FB62664E}.Release|x86.Build.0 = Release|Any CPU
		{9BC535E5-F096-4F73-B121-39DE4EC8F14F}.Debug|Any CPU.ActiveCfg = Debug|Any CPU
		{9BC535E5-F096-4F73-B121-39DE4EC8F14F}.Debug|Any CPU.Build.0 = Debug|Any CPU
		{9BC535E5-F096-4F73-B121-39DE4EC8F14F}.Debug|x64.ActiveCfg = Debug|Any CPU
		{9BC535E5-F096-4F73-B121-39DE4EC8F14F}.Debug|x64.Build.0 = Debug|Any CPU
		{9BC535E5-F096-4F73-B121-39DE4EC8F14F}.Debug|x86.ActiveCfg = Debug|Any CPU
		{9BC535E5-F096-4F73-B121-39DE4EC8F14F}.Debug|x86.Build.0 = Debug|Any CPU
		{9BC535E5-F096-4F73-B121-39DE4EC8F14F}.Release|Any CPU.ActiveCfg = Release|Any CPU
		{9BC535E5-F096-4F73-B121-39DE4EC8F14F}.Release|Any CPU.Build.0 = Release|Any CPU
		{9BC535E5-F096-4F73-B121-39DE4EC8F14F}.Release|x64.ActiveCfg = Release|Any CPU
		{9BC535E5-F096-4F73-B121-39DE4EC8F14F}.Release|x64.Build.0 = Release|Any CPU
		{9BC535E5-F096-4F73-B121-39DE4EC8F14F}.Release|x86.ActiveCfg = Release|Any CPU
		{9BC535E5-F096-4F73-B121-39DE4EC8F14F}.Release|x86.Build.0 = Release|Any CPU
		{B60625BE-3CAD-4EB4-8D67-DCA044CC412C}.Debug|Any CPU.ActiveCfg = Debug|Any CPU
		{B60625BE-3CAD-4EB4-8D67-DCA044CC412C}.Debug|Any CPU.Build.0 = Debug|Any CPU
		{B60625BE-3CAD-4EB4-8D67-DCA044CC412C}.Debug|x64.ActiveCfg = Debug|Any CPU
		{B60625BE-3CAD-4EB4-8D67-DCA044CC412C}.Debug|x64.Build.0 = Debug|Any CPU
		{B60625BE-3CAD-4EB4-8D67-DCA044CC412C}.Debug|x86.ActiveCfg = Debug|Any CPU
		{B60625BE-3CAD-4EB4-8D67-DCA044CC412C}.Debug|x86.Build.0 = Debug|Any CPU
		{B60625BE-3CAD-4EB4-8D67-DCA044CC412C}.Release|Any CPU.ActiveCfg = Release|Any CPU
		{B60625BE-3CAD-4EB4-8D67-DCA044CC412C}.Release|Any CPU.Build.0 = Release|Any CPU
		{B60625BE-3CAD-4EB4-8D67-DCA044CC412C}.Release|x64.ActiveCfg = Release|Any CPU
		{B60625BE-3CAD-4EB4-8D67-DCA044CC412C}.Release|x64.Build.0 = Release|Any CPU
		{B60625BE-3CAD-4EB4-8D67-DCA044CC412C}.Release|x86.ActiveCfg = Release|Any CPU
		{B60625BE-3CAD-4EB4-8D67-DCA044CC412C}.Release|x86.Build.0 = Release|Any CPU
		{64AD360A-8EEC-45E4-A995-0FAC15823A64}.Debug|Any CPU.ActiveCfg = Debug|Any CPU
		{64AD360A-8EEC-45E4-A995-0FAC15823A64}.Debug|Any CPU.Build.0 = Debug|Any CPU
		{64AD360A-8EEC-45E4-A995-0FAC15823A64}.Debug|x64.ActiveCfg = Debug|Any CPU
		{64AD360A-8EEC-45E4-A995-0FAC15823A64}.Debug|x64.Build.0 = Debug|Any CPU
		{64AD360A-8EEC-45E4-A995-0FAC15823A64}.Debug|x86.ActiveCfg = Debug|Any CPU
		{64AD360A-8EEC-45E4-A995-0FAC15823A64}.Debug|x86.Build.0 = Debug|Any CPU
		{64AD360A-8EEC-45E4-A995-0FAC15823A64}.Release|Any CPU.ActiveCfg = Release|Any CPU
		{64AD360A-8EEC-45E4-A995-0FAC15823A64}.Release|Any CPU.Build.0 = Release|Any CPU
		{64AD360A-8EEC-45E4-A995-0FAC15823A64}.Release|x64.ActiveCfg = Release|Any CPU
		{64AD360A-8EEC-45E4-A995-0FAC15823A64}.Release|x64.Build.0 = Release|Any CPU
		{64AD360A-8EEC-45E4-A995-0FAC15823A64}.Release|x86.ActiveCfg = Release|Any CPU
		{64AD360A-8EEC-45E4-A995-0FAC15823A64}.Release|x86.Build.0 = Release|Any CPU
		{95C55460-346E-4353-B55A-C52802664FDF}.Debug|Any CPU.ActiveCfg = Debug|Any CPU
		{95C55460-346E-4353-B55A-C52802664FDF}.Debug|Any CPU.Build.0 = Debug|Any CPU
		{95C55460-346E-4353-B55A-C52802664FDF}.Debug|x64.ActiveCfg = Debug|Any CPU
		{95C55460-346E-4353-B55A-C52802664FDF}.Debug|x64.Build.0 = Debug|Any CPU
		{95C55460-346E-4353-B55A-C52802664FDF}.Debug|x86.ActiveCfg = Debug|Any CPU
		{95C55460-346E-4353-B55A-C52802664FDF}.Debug|x86.Build.0 = Debug|Any CPU
		{95C55460-346E-4353-B55A-C52802664FDF}.Release|Any CPU.ActiveCfg = Release|Any CPU
		{95C55460-346E-4353-B55A-C52802664FDF}.Release|Any CPU.Build.0 = Release|Any CPU
		{95C55460-346E-4353-B55A-C52802664FDF}.Release|x64.ActiveCfg = Release|Any CPU
		{95C55460-346E-4353-B55A-C52802664FDF}.Release|x64.Build.0 = Release|Any CPU
		{95C55460-346E-4353-B55A-C52802664FDF}.Release|x86.ActiveCfg = Release|Any CPU
		{95C55460-346E-4353-B55A-C52802664FDF}.Release|x86.Build.0 = Release|Any CPU
		{4A723C2A-2BFD-4F95-8D6A-93B0116335F3}.Debug|Any CPU.ActiveCfg = Debug|Any CPU
		{4A723C2A-2BFD-4F95-8D6A-93B0116335F3}.Debug|Any CPU.Build.0 = Debug|Any CPU
		{4A723C2A-2BFD-4F95-8D6A-93B0116335F3}.Debug|x64.ActiveCfg = Debug|Any CPU
		{4A723C2A-2BFD-4F95-8D6A-93B0116335F3}.Debug|x64.Build.0 = Debug|Any CPU
		{4A723C2A-2BFD-4F95-8D6A-93B0116335F3}.Debug|x86.ActiveCfg = Debug|Any CPU
		{4A723C2A-2BFD-4F95-8D6A-93B0116335F3}.Debug|x86.Build.0 = Debug|Any CPU
		{4A723C2A-2BFD-4F95-8D6A-93B0116335F3}.Release|Any CPU.ActiveCfg = Release|Any CPU
		{4A723C2A-2BFD-4F95-8D6A-93B0116335F3}.Release|Any CPU.Build.0 = Release|Any CPU
		{4A723C2A-2BFD-4F95-8D6A-93B0116335F3}.Release|x64.ActiveCfg = Release|Any CPU
		{4A723C2A-2BFD-4F95-8D6A-93B0116335F3}.Release|x64.Build.0 = Release|Any CPU
		{4A723C2A-2BFD-4F95-8D6A-93B0116335F3}.Release|x86.ActiveCfg = Release|Any CPU
		{4A723C2A-2BFD-4F95-8D6A-93B0116335F3}.Release|x86.Build.0 = Release|Any CPU
		{3B3A7577-1972-4106-AB04-CF50BF45B743}.Debug|Any CPU.ActiveCfg = Debug|Any CPU
		{3B3A7577-1972-4106-AB04-CF50BF45B743}.Debug|Any CPU.Build.0 = Debug|Any CPU
		{3B3A7577-1972-4106-AB04-CF50BF45B743}.Debug|x64.ActiveCfg = Debug|Any CPU
		{3B3A7577-1972-4106-AB04-CF50BF45B743}.Debug|x64.Build.0 = Debug|Any CPU
		{3B3A7577-1972-4106-AB04-CF50BF45B743}.Debug|x86.ActiveCfg = Debug|Any CPU
		{3B3A7577-1972-4106-AB04-CF50BF45B743}.Debug|x86.Build.0 = Debug|Any CPU
		{3B3A7577-1972-4106-AB04-CF50BF45B743}.Release|Any CPU.ActiveCfg = Release|Any CPU
		{3B3A7577-1972-4106-AB04-CF50BF45B743}.Release|Any CPU.Build.0 = Release|Any CPU
		{3B3A7577-1972-4106-AB04-CF50BF45B743}.Release|x64.ActiveCfg = Release|Any CPU
		{3B3A7577-1972-4106-AB04-CF50BF45B743}.Release|x64.Build.0 = Release|Any CPU
		{3B3A7577-1972-4106-AB04-CF50BF45B743}.Release|x86.ActiveCfg = Release|Any CPU
		{3B3A7577-1972-4106-AB04-CF50BF45B743}.Release|x86.Build.0 = Release|Any CPU
		{06FA22C5-220E-435F-935B-CFC0AA90AB6F}.Debug|Any CPU.ActiveCfg = Debug|Any CPU
		{06FA22C5-220E-435F-935B-CFC0AA90AB6F}.Debug|Any CPU.Build.0 = Debug|Any CPU
		{06FA22C5-220E-435F-935B-CFC0AA90AB6F}.Debug|x64.ActiveCfg = Debug|Any CPU
		{06FA22C5-220E-435F-935B-CFC0AA90AB6F}.Debug|x64.Build.0 = Debug|Any CPU
		{06FA22C5-220E-435F-935B-CFC0AA90AB6F}.Debug|x86.ActiveCfg = Debug|Any CPU
		{06FA22C5-220E-435F-935B-CFC0AA90AB6F}.Debug|x86.Build.0 = Debug|Any CPU
		{06FA22C5-220E-435F-935B-CFC0AA90AB6F}.Release|Any CPU.ActiveCfg = Release|Any CPU
		{06FA22C5-220E-435F-935B-CFC0AA90AB6F}.Release|Any CPU.Build.0 = Release|Any CPU
		{06FA22C5-220E-435F-935B-CFC0AA90AB6F}.Release|x64.ActiveCfg = Release|Any CPU
		{06FA22C5-220E-435F-935B-CFC0AA90AB6F}.Release|x64.Build.0 = Release|Any CPU
		{06FA22C5-220E-435F-935B-CFC0AA90AB6F}.Release|x86.ActiveCfg = Release|Any CPU
		{06FA22C5-220E-435F-935B-CFC0AA90AB6F}.Release|x86.Build.0 = Release|Any CPU
		{7CB9F3E4-86A8-4839-A788-67C3F45204A6}.Debug|Any CPU.ActiveCfg = Debug|Any CPU
		{7CB9F3E4-86A8-4839-A788-67C3F45204A6}.Debug|Any CPU.Build.0 = Debug|Any CPU
		{7CB9F3E4-86A8-4839-A788-67C3F45204A6}.Debug|x64.ActiveCfg = Debug|Any CPU
		{7CB9F3E4-86A8-4839-A788-67C3F45204A6}.Debug|x64.Build.0 = Debug|Any CPU
		{7CB9F3E4-86A8-4839-A788-67C3F45204A6}.Debug|x86.ActiveCfg = Debug|Any CPU
		{7CB9F3E4-86A8-4839-A788-67C3F45204A6}.Debug|x86.Build.0 = Debug|Any CPU
		{7CB9F3E4-86A8-4839-A788-67C3F45204A6}.Release|Any CPU.ActiveCfg = Release|Any CPU
		{7CB9F3E4-86A8-4839-A788-67C3F45204A6}.Release|Any CPU.Build.0 = Release|Any CPU
		{7CB9F3E4-86A8-4839-A788-67C3F45204A6}.Release|x64.ActiveCfg = Release|Any CPU
		{7CB9F3E4-86A8-4839-A788-67C3F45204A6}.Release|x64.Build.0 = Release|Any CPU
		{7CB9F3E4-86A8-4839-A788-67C3F45204A6}.Release|x86.ActiveCfg = Release|Any CPU
		{7CB9F3E4-86A8-4839-A788-67C3F45204A6}.Release|x86.Build.0 = Release|Any CPU
		{457355EE-1B22-4EAF-B8C7-AD95369C5A23}.Debug|Any CPU.ActiveCfg = Debug|Any CPU
		{457355EE-1B22-4EAF-B8C7-AD95369C5A23}.Debug|Any CPU.Build.0 = Debug|Any CPU
		{457355EE-1B22-4EAF-B8C7-AD95369C5A23}.Debug|x64.ActiveCfg = Debug|Any CPU
		{457355EE-1B22-4EAF-B8C7-AD95369C5A23}.Debug|x64.Build.0 = Debug|Any CPU
		{457355EE-1B22-4EAF-B8C7-AD95369C5A23}.Debug|x86.ActiveCfg = Debug|Any CPU
		{457355EE-1B22-4EAF-B8C7-AD95369C5A23}.Debug|x86.Build.0 = Debug|Any CPU
		{457355EE-1B22-4EAF-B8C7-AD95369C5A23}.Release|Any CPU.ActiveCfg = Release|Any CPU
		{457355EE-1B22-4EAF-B8C7-AD95369C5A23}.Release|Any CPU.Build.0 = Release|Any CPU
		{457355EE-1B22-4EAF-B8C7-AD95369C5A23}.Release|x64.ActiveCfg = Release|Any CPU
		{457355EE-1B22-4EAF-B8C7-AD95369C5A23}.Release|x64.Build.0 = Release|Any CPU
		{457355EE-1B22-4EAF-B8C7-AD95369C5A23}.Release|x86.ActiveCfg = Release|Any CPU
		{457355EE-1B22-4EAF-B8C7-AD95369C5A23}.Release|x86.Build.0 = Release|Any CPU
		{A3A071B2-C7C8-4A8F-A8B7-305468B0D4B4}.Debug|Any CPU.ActiveCfg = Debug|Any CPU
		{A3A071B2-C7C8-4A8F-A8B7-305468B0D4B4}.Debug|Any CPU.Build.0 = Debug|Any CPU
		{A3A071B2-C7C8-4A8F-A8B7-305468B0D4B4}.Debug|x64.ActiveCfg = Debug|Any CPU
		{A3A071B2-C7C8-4A8F-A8B7-305468B0D4B4}.Debug|x64.Build.0 = Debug|Any CPU
		{A3A071B2-C7C8-4A8F-A8B7-305468B0D4B4}.Debug|x86.ActiveCfg = Debug|Any CPU
		{A3A071B2-C7C8-4A8F-A8B7-305468B0D4B4}.Debug|x86.Build.0 = Debug|Any CPU
		{A3A071B2-C7C8-4A8F-A8B7-305468B0D4B4}.Release|Any CPU.ActiveCfg = Release|Any CPU
		{A3A071B2-C7C8-4A8F-A8B7-305468B0D4B4}.Release|Any CPU.Build.0 = Release|Any CPU
		{A3A071B2-C7C8-4A8F-A8B7-305468B0D4B4}.Release|x64.ActiveCfg = Release|Any CPU
		{A3A071B2-C7C8-4A8F-A8B7-305468B0D4B4}.Release|x64.Build.0 = Release|Any CPU
		{A3A071B2-C7C8-4A8F-A8B7-305468B0D4B4}.Release|x86.ActiveCfg = Release|Any CPU
		{A3A071B2-C7C8-4A8F-A8B7-305468B0D4B4}.Release|x86.Build.0 = Release|Any CPU
		{916B9362-27DA-4514-97C8-4EC83296D4E3}.Debug|Any CPU.ActiveCfg = Debug|Any CPU
		{916B9362-27DA-4514-97C8-4EC83296D4E3}.Debug|Any CPU.Build.0 = Debug|Any CPU
		{916B9362-27DA-4514-97C8-4EC83296D4E3}.Debug|x64.ActiveCfg = Debug|Any CPU
		{916B9362-27DA-4514-97C8-4EC83296D4E3}.Debug|x64.Build.0 = Debug|Any CPU
		{916B9362-27DA-4514-97C8-4EC83296D4E3}.Debug|x86.ActiveCfg = Debug|Any CPU
		{916B9362-27DA-4514-97C8-4EC83296D4E3}.Debug|x86.Build.0 = Debug|Any CPU
		{916B9362-27DA-4514-97C8-4EC83296D4E3}.Release|Any CPU.ActiveCfg = Release|Any CPU
		{916B9362-27DA-4514-97C8-4EC83296D4E3}.Release|Any CPU.Build.0 = Release|Any CPU
		{916B9362-27DA-4514-97C8-4EC83296D4E3}.Release|x64.ActiveCfg = Release|Any CPU
		{916B9362-27DA-4514-97C8-4EC83296D4E3}.Release|x64.Build.0 = Release|Any CPU
		{916B9362-27DA-4514-97C8-4EC83296D4E3}.Release|x86.ActiveCfg = Release|Any CPU
		{916B9362-27DA-4514-97C8-4EC83296D4E3}.Release|x86.Build.0 = Release|Any CPU
		{23098FE7-C3FC-4FCE-A7F0-E734125D40B8}.Debug|Any CPU.ActiveCfg = Debug|Any CPU
		{23098FE7-C3FC-4FCE-A7F0-E734125D40B8}.Debug|Any CPU.Build.0 = Debug|Any CPU
		{23098FE7-C3FC-4FCE-A7F0-E734125D40B8}.Debug|x64.ActiveCfg = Debug|Any CPU
		{23098FE7-C3FC-4FCE-A7F0-E734125D40B8}.Debug|x64.Build.0 = Debug|Any CPU
		{23098FE7-C3FC-4FCE-A7F0-E734125D40B8}.Debug|x86.ActiveCfg = Debug|Any CPU
		{23098FE7-C3FC-4FCE-A7F0-E734125D40B8}.Debug|x86.Build.0 = Debug|Any CPU
		{23098FE7-C3FC-4FCE-A7F0-E734125D40B8}.Release|Any CPU.ActiveCfg = Release|Any CPU
		{23098FE7-C3FC-4FCE-A7F0-E734125D40B8}.Release|Any CPU.Build.0 = Release|Any CPU
		{23098FE7-C3FC-4FCE-A7F0-E734125D40B8}.Release|x64.ActiveCfg = Release|Any CPU
		{23098FE7-C3FC-4FCE-A7F0-E734125D40B8}.Release|x64.Build.0 = Release|Any CPU
		{23098FE7-C3FC-4FCE-A7F0-E734125D40B8}.Release|x86.ActiveCfg = Release|Any CPU
		{23098FE7-C3FC-4FCE-A7F0-E734125D40B8}.Release|x86.Build.0 = Release|Any CPU
		{74C5AA7D-5CF1-4ABA-B663-0D2D8BE590A8}.Debug|Any CPU.ActiveCfg = Debug|Any CPU
		{74C5AA7D-5CF1-4ABA-B663-0D2D8BE590A8}.Debug|Any CPU.Build.0 = Debug|Any CPU
		{74C5AA7D-5CF1-4ABA-B663-0D2D8BE590A8}.Debug|x64.ActiveCfg = Debug|Any CPU
		{74C5AA7D-5CF1-4ABA-B663-0D2D8BE590A8}.Debug|x64.Build.0 = Debug|Any CPU
		{74C5AA7D-5CF1-4ABA-B663-0D2D8BE590A8}.Debug|x86.ActiveCfg = Debug|Any CPU
		{74C5AA7D-5CF1-4ABA-B663-0D2D8BE590A8}.Debug|x86.Build.0 = Debug|Any CPU
		{74C5AA7D-5CF1-4ABA-B663-0D2D8BE590A8}.Release|Any CPU.ActiveCfg = Release|Any CPU
		{74C5AA7D-5CF1-4ABA-B663-0D2D8BE590A8}.Release|Any CPU.Build.0 = Release|Any CPU
		{74C5AA7D-5CF1-4ABA-B663-0D2D8BE590A8}.Release|x64.ActiveCfg = Release|Any CPU
		{74C5AA7D-5CF1-4ABA-B663-0D2D8BE590A8}.Release|x64.Build.0 = Release|Any CPU
		{74C5AA7D-5CF1-4ABA-B663-0D2D8BE590A8}.Release|x86.ActiveCfg = Release|Any CPU
		{74C5AA7D-5CF1-4ABA-B663-0D2D8BE590A8}.Release|x86.Build.0 = Release|Any CPU
		{5761D2F7-F7E7-4DC7-AA90-BCADCCBE5240}.Debug|Any CPU.ActiveCfg = Debug|Any CPU
		{5761D2F7-F7E7-4DC7-AA90-BCADCCBE5240}.Debug|Any CPU.Build.0 = Debug|Any CPU
		{5761D2F7-F7E7-4DC7-AA90-BCADCCBE5240}.Debug|x64.ActiveCfg = Debug|Any CPU
		{5761D2F7-F7E7-4DC7-AA90-BCADCCBE5240}.Debug|x64.Build.0 = Debug|Any CPU
		{5761D2F7-F7E7-4DC7-AA90-BCADCCBE5240}.Debug|x86.ActiveCfg = Debug|Any CPU
		{5761D2F7-F7E7-4DC7-AA90-BCADCCBE5240}.Debug|x86.Build.0 = Debug|Any CPU
		{5761D2F7-F7E7-4DC7-AA90-BCADCCBE5240}.Release|Any CPU.ActiveCfg = Release|Any CPU
		{5761D2F7-F7E7-4DC7-AA90-BCADCCBE5240}.Release|Any CPU.Build.0 = Release|Any CPU
		{5761D2F7-F7E7-4DC7-AA90-BCADCCBE5240}.Release|x64.ActiveCfg = Release|Any CPU
		{5761D2F7-F7E7-4DC7-AA90-BCADCCBE5240}.Release|x64.Build.0 = Release|Any CPU
		{5761D2F7-F7E7-4DC7-AA90-BCADCCBE5240}.Release|x86.ActiveCfg = Release|Any CPU
		{5761D2F7-F7E7-4DC7-AA90-BCADCCBE5240}.Release|x86.Build.0 = Release|Any CPU
		{20970F31-0C2F-4C1E-878D-AC3A9DA55916}.Debug|Any CPU.ActiveCfg = Debug|Any CPU
		{20970F31-0C2F-4C1E-878D-AC3A9DA55916}.Debug|Any CPU.Build.0 = Debug|Any CPU
		{20970F31-0C2F-4C1E-878D-AC3A9DA55916}.Debug|x64.ActiveCfg = Debug|Any CPU
		{20970F31-0C2F-4C1E-878D-AC3A9DA55916}.Debug|x64.Build.0 = Debug|Any CPU
		{20970F31-0C2F-4C1E-878D-AC3A9DA55916}.Debug|x86.ActiveCfg = Debug|Any CPU
		{20970F31-0C2F-4C1E-878D-AC3A9DA55916}.Debug|x86.Build.0 = Debug|Any CPU
		{20970F31-0C2F-4C1E-878D-AC3A9DA55916}.Release|Any CPU.ActiveCfg = Release|Any CPU
		{20970F31-0C2F-4C1E-878D-AC3A9DA55916}.Release|Any CPU.Build.0 = Release|Any CPU
		{20970F31-0C2F-4C1E-878D-AC3A9DA55916}.Release|x64.ActiveCfg = Release|Any CPU
		{20970F31-0C2F-4C1E-878D-AC3A9DA55916}.Release|x64.Build.0 = Release|Any CPU
		{20970F31-0C2F-4C1E-878D-AC3A9DA55916}.Release|x86.ActiveCfg = Release|Any CPU
		{20970F31-0C2F-4C1E-878D-AC3A9DA55916}.Release|x86.Build.0 = Release|Any CPU
		{B6A24E58-A33A-4670-BF84-8CB0F0E46C12}.Debug|Any CPU.ActiveCfg = Debug|Any CPU
		{B6A24E58-A33A-4670-BF84-8CB0F0E46C12}.Debug|Any CPU.Build.0 = Debug|Any CPU
		{B6A24E58-A33A-4670-BF84-8CB0F0E46C12}.Debug|x64.ActiveCfg = Debug|Any CPU
		{B6A24E58-A33A-4670-BF84-8CB0F0E46C12}.Debug|x64.Build.0 = Debug|Any CPU
		{B6A24E58-A33A-4670-BF84-8CB0F0E46C12}.Debug|x86.ActiveCfg = Debug|Any CPU
		{B6A24E58-A33A-4670-BF84-8CB0F0E46C12}.Debug|x86.Build.0 = Debug|Any CPU
		{B6A24E58-A33A-4670-BF84-8CB0F0E46C12}.Release|Any CPU.ActiveCfg = Release|Any CPU
		{B6A24E58-A33A-4670-BF84-8CB0F0E46C12}.Release|Any CPU.Build.0 = Release|Any CPU
		{B6A24E58-A33A-4670-BF84-8CB0F0E46C12}.Release|x64.ActiveCfg = Release|Any CPU
		{B6A24E58-A33A-4670-BF84-8CB0F0E46C12}.Release|x64.Build.0 = Release|Any CPU
		{B6A24E58-A33A-4670-BF84-8CB0F0E46C12}.Release|x86.ActiveCfg = Release|Any CPU
		{B6A24E58-A33A-4670-BF84-8CB0F0E46C12}.Release|x86.Build.0 = Release|Any CPU
		{DB29B774-8A54-448E-B278-75E8C6B27296}.Debug|Any CPU.ActiveCfg = Debug|Any CPU
		{DB29B774-8A54-448E-B278-75E8C6B27296}.Debug|Any CPU.Build.0 = Debug|Any CPU
		{DB29B774-8A54-448E-B278-75E8C6B27296}.Debug|x64.ActiveCfg = Debug|Any CPU
		{DB29B774-8A54-448E-B278-75E8C6B27296}.Debug|x64.Build.0 = Debug|Any CPU
		{DB29B774-8A54-448E-B278-75E8C6B27296}.Debug|x86.ActiveCfg = Debug|Any CPU
		{DB29B774-8A54-448E-B278-75E8C6B27296}.Debug|x86.Build.0 = Debug|Any CPU
		{DB29B774-8A54-448E-B278-75E8C6B27296}.Release|Any CPU.ActiveCfg = Release|Any CPU
		{DB29B774-8A54-448E-B278-75E8C6B27296}.Release|Any CPU.Build.0 = Release|Any CPU
		{DB29B774-8A54-448E-B278-75E8C6B27296}.Release|x64.ActiveCfg = Release|Any CPU
		{DB29B774-8A54-448E-B278-75E8C6B27296}.Release|x64.Build.0 = Release|Any CPU
		{DB29B774-8A54-448E-B278-75E8C6B27296}.Release|x86.ActiveCfg = Release|Any CPU
		{DB29B774-8A54-448E-B278-75E8C6B27296}.Release|x86.Build.0 = Release|Any CPU
		{246A6BAB-9A6B-453D-8DB9-75DE6E2BC235}.Debug|Any CPU.ActiveCfg = Debug|Any CPU
		{246A6BAB-9A6B-453D-8DB9-75DE6E2BC235}.Debug|Any CPU.Build.0 = Debug|Any CPU
		{246A6BAB-9A6B-453D-8DB9-75DE6E2BC235}.Debug|x64.ActiveCfg = Debug|Any CPU
		{246A6BAB-9A6B-453D-8DB9-75DE6E2BC235}.Debug|x64.Build.0 = Debug|Any CPU
		{246A6BAB-9A6B-453D-8DB9-75DE6E2BC235}.Debug|x86.ActiveCfg = Debug|Any CPU
		{246A6BAB-9A6B-453D-8DB9-75DE6E2BC235}.Debug|x86.Build.0 = Debug|Any CPU
		{246A6BAB-9A6B-453D-8DB9-75DE6E2BC235}.Release|Any CPU.ActiveCfg = Release|Any CPU
		{246A6BAB-9A6B-453D-8DB9-75DE6E2BC235}.Release|Any CPU.Build.0 = Release|Any CPU
		{246A6BAB-9A6B-453D-8DB9-75DE6E2BC235}.Release|x64.ActiveCfg = Release|Any CPU
		{246A6BAB-9A6B-453D-8DB9-75DE6E2BC235}.Release|x64.Build.0 = Release|Any CPU
		{246A6BAB-9A6B-453D-8DB9-75DE6E2BC235}.Release|x86.ActiveCfg = Release|Any CPU
		{246A6BAB-9A6B-453D-8DB9-75DE6E2BC235}.Release|x86.Build.0 = Release|Any CPU
		{FE5E56CC-5B95-4E02-A7A1-C6553D7D286F}.Debug|Any CPU.ActiveCfg = Debug|Any CPU
		{FE5E56CC-5B95-4E02-A7A1-C6553D7D286F}.Debug|Any CPU.Build.0 = Debug|Any CPU
		{FE5E56CC-5B95-4E02-A7A1-C6553D7D286F}.Debug|x64.ActiveCfg = Debug|Any CPU
		{FE5E56CC-5B95-4E02-A7A1-C6553D7D286F}.Debug|x64.Build.0 = Debug|Any CPU
		{FE5E56CC-5B95-4E02-A7A1-C6553D7D286F}.Debug|x86.ActiveCfg = Debug|Any CPU
		{FE5E56CC-5B95-4E02-A7A1-C6553D7D286F}.Debug|x86.Build.0 = Debug|Any CPU
		{FE5E56CC-5B95-4E02-A7A1-C6553D7D286F}.Release|Any CPU.ActiveCfg = Release|Any CPU
		{FE5E56CC-5B95-4E02-A7A1-C6553D7D286F}.Release|Any CPU.Build.0 = Release|Any CPU
		{FE5E56CC-5B95-4E02-A7A1-C6553D7D286F}.Release|x64.ActiveCfg = Release|Any CPU
		{FE5E56CC-5B95-4E02-A7A1-C6553D7D286F}.Release|x64.Build.0 = Release|Any CPU
		{FE5E56CC-5B95-4E02-A7A1-C6553D7D286F}.Release|x86.ActiveCfg = Release|Any CPU
		{FE5E56CC-5B95-4E02-A7A1-C6553D7D286F}.Release|x86.Build.0 = Release|Any CPU
		{7E75FBE7-AA4E-4778-9671-4295DB393634}.Debug|Any CPU.ActiveCfg = Debug|Any CPU
		{7E75FBE7-AA4E-4778-9671-4295DB393634}.Debug|Any CPU.Build.0 = Debug|Any CPU
		{7E75FBE7-AA4E-4778-9671-4295DB393634}.Debug|x64.ActiveCfg = Debug|Any CPU
		{7E75FBE7-AA4E-4778-9671-4295DB393634}.Debug|x64.Build.0 = Debug|Any CPU
		{7E75FBE7-AA4E-4778-9671-4295DB393634}.Debug|x86.ActiveCfg = Debug|Any CPU
		{7E75FBE7-AA4E-4778-9671-4295DB393634}.Debug|x86.Build.0 = Debug|Any CPU
		{7E75FBE7-AA4E-4778-9671-4295DB393634}.Release|Any CPU.ActiveCfg = Release|Any CPU
		{7E75FBE7-AA4E-4778-9671-4295DB393634}.Release|Any CPU.Build.0 = Release|Any CPU
		{7E75FBE7-AA4E-4778-9671-4295DB393634}.Release|x64.ActiveCfg = Release|Any CPU
		{7E75FBE7-AA4E-4778-9671-4295DB393634}.Release|x64.Build.0 = Release|Any CPU
		{7E75FBE7-AA4E-4778-9671-4295DB393634}.Release|x86.ActiveCfg = Release|Any CPU
		{7E75FBE7-AA4E-4778-9671-4295DB393634}.Release|x86.Build.0 = Release|Any CPU
		{EA8A3349-C98D-482A-B4C7-FCC5589CF015}.Debug|Any CPU.ActiveCfg = Debug|Any CPU
		{EA8A3349-C98D-482A-B4C7-FCC5589CF015}.Debug|Any CPU.Build.0 = Debug|Any CPU
		{EA8A3349-C98D-482A-B4C7-FCC5589CF015}.Debug|x64.ActiveCfg = Debug|Any CPU
		{EA8A3349-C98D-482A-B4C7-FCC5589CF015}.Debug|x64.Build.0 = Debug|Any CPU
		{EA8A3349-C98D-482A-B4C7-FCC5589CF015}.Debug|x86.ActiveCfg = Debug|Any CPU
		{EA8A3349-C98D-482A-B4C7-FCC5589CF015}.Debug|x86.Build.0 = Debug|Any CPU
		{EA8A3349-C98D-482A-B4C7-FCC5589CF015}.Release|Any CPU.ActiveCfg = Release|Any CPU
		{EA8A3349-C98D-482A-B4C7-FCC5589CF015}.Release|Any CPU.Build.0 = Release|Any CPU
		{EA8A3349-C98D-482A-B4C7-FCC5589CF015}.Release|x64.ActiveCfg = Release|Any CPU
		{EA8A3349-C98D-482A-B4C7-FCC5589CF015}.Release|x64.Build.0 = Release|Any CPU
		{EA8A3349-C98D-482A-B4C7-FCC5589CF015}.Release|x86.ActiveCfg = Release|Any CPU
		{EA8A3349-C98D-482A-B4C7-FCC5589CF015}.Release|x86.Build.0 = Release|Any CPU
		{7C8622EA-3024-4085-BF06-AB6CD58FC91C}.Debug|Any CPU.ActiveCfg = Debug|Any CPU
		{7C8622EA-3024-4085-BF06-AB6CD58FC91C}.Debug|Any CPU.Build.0 = Debug|Any CPU
		{7C8622EA-3024-4085-BF06-AB6CD58FC91C}.Debug|x64.ActiveCfg = Debug|Any CPU
		{7C8622EA-3024-4085-BF06-AB6CD58FC91C}.Debug|x64.Build.0 = Debug|Any CPU
		{7C8622EA-3024-4085-BF06-AB6CD58FC91C}.Debug|x86.ActiveCfg = Debug|Any CPU
		{7C8622EA-3024-4085-BF06-AB6CD58FC91C}.Debug|x86.Build.0 = Debug|Any CPU
		{7C8622EA-3024-4085-BF06-AB6CD58FC91C}.Release|Any CPU.ActiveCfg = Release|Any CPU
		{7C8622EA-3024-4085-BF06-AB6CD58FC91C}.Release|Any CPU.Build.0 = Release|Any CPU
		{7C8622EA-3024-4085-BF06-AB6CD58FC91C}.Release|x64.ActiveCfg = Release|Any CPU
		{7C8622EA-3024-4085-BF06-AB6CD58FC91C}.Release|x64.Build.0 = Release|Any CPU
		{7C8622EA-3024-4085-BF06-AB6CD58FC91C}.Release|x86.ActiveCfg = Release|Any CPU
		{7C8622EA-3024-4085-BF06-AB6CD58FC91C}.Release|x86.Build.0 = Release|Any CPU
		{C922F551-9737-4CED-BDFB-E9CB91F5F671}.Debug|Any CPU.ActiveCfg = Debug|Any CPU
		{C922F551-9737-4CED-BDFB-E9CB91F5F671}.Debug|Any CPU.Build.0 = Debug|Any CPU
		{C922F551-9737-4CED-BDFB-E9CB91F5F671}.Debug|x64.ActiveCfg = Debug|Any CPU
		{C922F551-9737-4CED-BDFB-E9CB91F5F671}.Debug|x64.Build.0 = Debug|Any CPU
		{C922F551-9737-4CED-BDFB-E9CB91F5F671}.Debug|x86.ActiveCfg = Debug|Any CPU
		{C922F551-9737-4CED-BDFB-E9CB91F5F671}.Debug|x86.Build.0 = Debug|Any CPU
		{C922F551-9737-4CED-BDFB-E9CB91F5F671}.Release|Any CPU.ActiveCfg = Release|Any CPU
		{C922F551-9737-4CED-BDFB-E9CB91F5F671}.Release|Any CPU.Build.0 = Release|Any CPU
		{C922F551-9737-4CED-BDFB-E9CB91F5F671}.Release|x64.ActiveCfg = Release|Any CPU
		{C922F551-9737-4CED-BDFB-E9CB91F5F671}.Release|x64.Build.0 = Release|Any CPU
		{C922F551-9737-4CED-BDFB-E9CB91F5F671}.Release|x86.ActiveCfg = Release|Any CPU
		{C922F551-9737-4CED-BDFB-E9CB91F5F671}.Release|x86.Build.0 = Release|Any CPU
		{9D1727D8-A5B6-4958-8D7A-CD2272C990D9}.Debug|Any CPU.ActiveCfg = Debug|Any CPU
		{9D1727D8-A5B6-4958-8D7A-CD2272C990D9}.Debug|Any CPU.Build.0 = Debug|Any CPU
		{9D1727D8-A5B6-4958-8D7A-CD2272C990D9}.Debug|x64.ActiveCfg = Debug|Any CPU
		{9D1727D8-A5B6-4958-8D7A-CD2272C990D9}.Debug|x64.Build.0 = Debug|Any CPU
		{9D1727D8-A5B6-4958-8D7A-CD2272C990D9}.Debug|x86.ActiveCfg = Debug|Any CPU
		{9D1727D8-A5B6-4958-8D7A-CD2272C990D9}.Debug|x86.Build.0 = Debug|Any CPU
		{9D1727D8-A5B6-4958-8D7A-CD2272C990D9}.Release|Any CPU.ActiveCfg = Release|Any CPU
		{9D1727D8-A5B6-4958-8D7A-CD2272C990D9}.Release|Any CPU.Build.0 = Release|Any CPU
		{9D1727D8-A5B6-4958-8D7A-CD2272C990D9}.Release|x64.ActiveCfg = Release|Any CPU
		{9D1727D8-A5B6-4958-8D7A-CD2272C990D9}.Release|x64.Build.0 = Release|Any CPU
		{9D1727D8-A5B6-4958-8D7A-CD2272C990D9}.Release|x86.ActiveCfg = Release|Any CPU
		{9D1727D8-A5B6-4958-8D7A-CD2272C990D9}.Release|x86.Build.0 = Release|Any CPU
		{5CCB7A65-5540-4A04-AA6D-837CA0D26659}.Debug|Any CPU.ActiveCfg = Debug|Any CPU
		{5CCB7A65-5540-4A04-AA6D-837CA0D26659}.Debug|Any CPU.Build.0 = Debug|Any CPU
		{5CCB7A65-5540-4A04-AA6D-837CA0D26659}.Debug|x64.ActiveCfg = Debug|Any CPU
		{5CCB7A65-5540-4A04-AA6D-837CA0D26659}.Debug|x64.Build.0 = Debug|Any CPU
		{5CCB7A65-5540-4A04-AA6D-837CA0D26659}.Debug|x86.ActiveCfg = Debug|Any CPU
		{5CCB7A65-5540-4A04-AA6D-837CA0D26659}.Debug|x86.Build.0 = Debug|Any CPU
		{5CCB7A65-5540-4A04-AA6D-837CA0D26659}.Release|Any CPU.ActiveCfg = Release|Any CPU
		{5CCB7A65-5540-4A04-AA6D-837CA0D26659}.Release|Any CPU.Build.0 = Release|Any CPU
		{5CCB7A65-5540-4A04-AA6D-837CA0D26659}.Release|x64.ActiveCfg = Release|Any CPU
		{5CCB7A65-5540-4A04-AA6D-837CA0D26659}.Release|x64.Build.0 = Release|Any CPU
		{5CCB7A65-5540-4A04-AA6D-837CA0D26659}.Release|x86.ActiveCfg = Release|Any CPU
		{5CCB7A65-5540-4A04-AA6D-837CA0D26659}.Release|x86.Build.0 = Release|Any CPU
		{22D34C84-2579-4E4B-85F1-7AD58602B8DA}.Debug|Any CPU.ActiveCfg = Debug|Any CPU
		{22D34C84-2579-4E4B-85F1-7AD58602B8DA}.Debug|Any CPU.Build.0 = Debug|Any CPU
		{22D34C84-2579-4E4B-85F1-7AD58602B8DA}.Debug|x64.ActiveCfg = Debug|Any CPU
		{22D34C84-2579-4E4B-85F1-7AD58602B8DA}.Debug|x64.Build.0 = Debug|Any CPU
		{22D34C84-2579-4E4B-85F1-7AD58602B8DA}.Debug|x86.ActiveCfg = Debug|Any CPU
		{22D34C84-2579-4E4B-85F1-7AD58602B8DA}.Debug|x86.Build.0 = Debug|Any CPU
		{22D34C84-2579-4E4B-85F1-7AD58602B8DA}.Release|Any CPU.ActiveCfg = Release|Any CPU
		{22D34C84-2579-4E4B-85F1-7AD58602B8DA}.Release|Any CPU.Build.0 = Release|Any CPU
		{22D34C84-2579-4E4B-85F1-7AD58602B8DA}.Release|x64.ActiveCfg = Release|Any CPU
		{22D34C84-2579-4E4B-85F1-7AD58602B8DA}.Release|x64.Build.0 = Release|Any CPU
		{22D34C84-2579-4E4B-85F1-7AD58602B8DA}.Release|x86.ActiveCfg = Release|Any CPU
		{22D34C84-2579-4E4B-85F1-7AD58602B8DA}.Release|x86.Build.0 = Release|Any CPU
		{6CC3A5C4-B0AE-47FE-B3E9-6CBD126DE174}.Debug|Any CPU.ActiveCfg = Debug|Any CPU
		{6CC3A5C4-B0AE-47FE-B3E9-6CBD126DE174}.Debug|Any CPU.Build.0 = Debug|Any CPU
		{6CC3A5C4-B0AE-47FE-B3E9-6CBD126DE174}.Debug|x64.ActiveCfg = Debug|Any CPU
		{6CC3A5C4-B0AE-47FE-B3E9-6CBD126DE174}.Debug|x64.Build.0 = Debug|Any CPU
		{6CC3A5C4-B0AE-47FE-B3E9-6CBD126DE174}.Debug|x86.ActiveCfg = Debug|Any CPU
		{6CC3A5C4-B0AE-47FE-B3E9-6CBD126DE174}.Debug|x86.Build.0 = Debug|Any CPU
		{6CC3A5C4-B0AE-47FE-B3E9-6CBD126DE174}.Release|Any CPU.ActiveCfg = Release|Any CPU
		{6CC3A5C4-B0AE-47FE-B3E9-6CBD126DE174}.Release|Any CPU.Build.0 = Release|Any CPU
		{6CC3A5C4-B0AE-47FE-B3E9-6CBD126DE174}.Release|x64.ActiveCfg = Release|Any CPU
		{6CC3A5C4-B0AE-47FE-B3E9-6CBD126DE174}.Release|x64.Build.0 = Release|Any CPU
		{6CC3A5C4-B0AE-47FE-B3E9-6CBD126DE174}.Release|x86.ActiveCfg = Release|Any CPU
		{6CC3A5C4-B0AE-47FE-B3E9-6CBD126DE174}.Release|x86.Build.0 = Release|Any CPU
		{B0C63008-87A1-4908-9078-6DD060671AFA}.Debug|Any CPU.ActiveCfg = Debug|Any CPU
		{B0C63008-87A1-4908-9078-6DD060671AFA}.Debug|Any CPU.Build.0 = Debug|Any CPU
		{B0C63008-87A1-4908-9078-6DD060671AFA}.Debug|x64.ActiveCfg = Debug|Any CPU
		{B0C63008-87A1-4908-9078-6DD060671AFA}.Debug|x64.Build.0 = Debug|Any CPU
		{B0C63008-87A1-4908-9078-6DD060671AFA}.Debug|x86.ActiveCfg = Debug|Any CPU
		{B0C63008-87A1-4908-9078-6DD060671AFA}.Debug|x86.Build.0 = Debug|Any CPU
		{B0C63008-87A1-4908-9078-6DD060671AFA}.Release|Any CPU.ActiveCfg = Release|Any CPU
		{B0C63008-87A1-4908-9078-6DD060671AFA}.Release|Any CPU.Build.0 = Release|Any CPU
		{B0C63008-87A1-4908-9078-6DD060671AFA}.Release|x64.ActiveCfg = Release|Any CPU
		{B0C63008-87A1-4908-9078-6DD060671AFA}.Release|x64.Build.0 = Release|Any CPU
		{B0C63008-87A1-4908-9078-6DD060671AFA}.Release|x86.ActiveCfg = Release|Any CPU
		{B0C63008-87A1-4908-9078-6DD060671AFA}.Release|x86.Build.0 = Release|Any CPU
		{BC9B0367-7D8D-40D8-B3E9-14BA57498ED3}.Debug|Any CPU.ActiveCfg = Debug|Any CPU
		{BC9B0367-7D8D-40D8-B3E9-14BA57498ED3}.Debug|Any CPU.Build.0 = Debug|Any CPU
		{BC9B0367-7D8D-40D8-B3E9-14BA57498ED3}.Debug|x64.ActiveCfg = Debug|Any CPU
		{BC9B0367-7D8D-40D8-B3E9-14BA57498ED3}.Debug|x64.Build.0 = Debug|Any CPU
		{BC9B0367-7D8D-40D8-B3E9-14BA57498ED3}.Debug|x86.ActiveCfg = Debug|Any CPU
		{BC9B0367-7D8D-40D8-B3E9-14BA57498ED3}.Debug|x86.Build.0 = Debug|Any CPU
		{BC9B0367-7D8D-40D8-B3E9-14BA57498ED3}.Release|Any CPU.ActiveCfg = Release|Any CPU
		{BC9B0367-7D8D-40D8-B3E9-14BA57498ED3}.Release|Any CPU.Build.0 = Release|Any CPU
		{BC9B0367-7D8D-40D8-B3E9-14BA57498ED3}.Release|x64.ActiveCfg = Release|Any CPU
		{BC9B0367-7D8D-40D8-B3E9-14BA57498ED3}.Release|x64.Build.0 = Release|Any CPU
		{BC9B0367-7D8D-40D8-B3E9-14BA57498ED3}.Release|x86.ActiveCfg = Release|Any CPU
		{BC9B0367-7D8D-40D8-B3E9-14BA57498ED3}.Release|x86.Build.0 = Release|Any CPU
		{FB605668-A889-4DCA-ABB4-5858FA325D2B}.Debug|Any CPU.ActiveCfg = Debug|Any CPU
		{FB605668-A889-4DCA-ABB4-5858FA325D2B}.Debug|Any CPU.Build.0 = Debug|Any CPU
		{FB605668-A889-4DCA-ABB4-5858FA325D2B}.Debug|x64.ActiveCfg = Debug|Any CPU
		{FB605668-A889-4DCA-ABB4-5858FA325D2B}.Debug|x64.Build.0 = Debug|Any CPU
		{FB605668-A889-4DCA-ABB4-5858FA325D2B}.Debug|x86.ActiveCfg = Debug|Any CPU
		{FB605668-A889-4DCA-ABB4-5858FA325D2B}.Debug|x86.Build.0 = Debug|Any CPU
		{FB605668-A889-4DCA-ABB4-5858FA325D2B}.Release|Any CPU.ActiveCfg = Release|Any CPU
		{FB605668-A889-4DCA-ABB4-5858FA325D2B}.Release|Any CPU.Build.0 = Release|Any CPU
		{FB605668-A889-4DCA-ABB4-5858FA325D2B}.Release|x64.ActiveCfg = Release|Any CPU
		{FB605668-A889-4DCA-ABB4-5858FA325D2B}.Release|x64.Build.0 = Release|Any CPU
		{FB605668-A889-4DCA-ABB4-5858FA325D2B}.Release|x86.ActiveCfg = Release|Any CPU
		{FB605668-A889-4DCA-ABB4-5858FA325D2B}.Release|x86.Build.0 = Release|Any CPU
		{BBEE1B43-1D7F-4A14-8AC1-6B9567D6C62D}.Debug|Any CPU.ActiveCfg = Debug|Any CPU
		{BBEE1B43-1D7F-4A14-8AC1-6B9567D6C62D}.Debug|Any CPU.Build.0 = Debug|Any CPU
		{BBEE1B43-1D7F-4A14-8AC1-6B9567D6C62D}.Debug|x64.ActiveCfg = Debug|Any CPU
		{BBEE1B43-1D7F-4A14-8AC1-6B9567D6C62D}.Debug|x64.Build.0 = Debug|Any CPU
		{BBEE1B43-1D7F-4A14-8AC1-6B9567D6C62D}.Debug|x86.ActiveCfg = Debug|Any CPU
		{BBEE1B43-1D7F-4A14-8AC1-6B9567D6C62D}.Debug|x86.Build.0 = Debug|Any CPU
		{BBEE1B43-1D7F-4A14-8AC1-6B9567D6C62D}.Release|Any CPU.ActiveCfg = Release|Any CPU
		{BBEE1B43-1D7F-4A14-8AC1-6B9567D6C62D}.Release|Any CPU.Build.0 = Release|Any CPU
		{BBEE1B43-1D7F-4A14-8AC1-6B9567D6C62D}.Release|x64.ActiveCfg = Release|Any CPU
		{BBEE1B43-1D7F-4A14-8AC1-6B9567D6C62D}.Release|x64.Build.0 = Release|Any CPU
		{BBEE1B43-1D7F-4A14-8AC1-6B9567D6C62D}.Release|x86.ActiveCfg = Release|Any CPU
		{BBEE1B43-1D7F-4A14-8AC1-6B9567D6C62D}.Release|x86.Build.0 = Release|Any CPU
		{4A12A135-3880-4C62-9A69-3AB67E386439}.Debug|Any CPU.ActiveCfg = Debug|Any CPU
		{4A12A135-3880-4C62-9A69-3AB67E386439}.Debug|Any CPU.Build.0 = Debug|Any CPU
		{4A12A135-3880-4C62-9A69-3AB67E386439}.Debug|x64.ActiveCfg = Debug|Any CPU
		{4A12A135-3880-4C62-9A69-3AB67E386439}.Debug|x64.Build.0 = Debug|Any CPU
		{4A12A135-3880-4C62-9A69-3AB67E386439}.Debug|x86.ActiveCfg = Debug|Any CPU
		{4A12A135-3880-4C62-9A69-3AB67E386439}.Debug|x86.Build.0 = Debug|Any CPU
		{4A12A135-3880-4C62-9A69-3AB67E386439}.Release|Any CPU.ActiveCfg = Release|Any CPU
		{4A12A135-3880-4C62-9A69-3AB67E386439}.Release|Any CPU.Build.0 = Release|Any CPU
		{4A12A135-3880-4C62-9A69-3AB67E386439}.Release|x64.ActiveCfg = Release|Any CPU
		{4A12A135-3880-4C62-9A69-3AB67E386439}.Release|x64.Build.0 = Release|Any CPU
		{4A12A135-3880-4C62-9A69-3AB67E386439}.Release|x86.ActiveCfg = Release|Any CPU
		{4A12A135-3880-4C62-9A69-3AB67E386439}.Release|x86.Build.0 = Release|Any CPU
		{97DA2007-1F6A-462E-8BA2-B6E257280469}.Debug|Any CPU.ActiveCfg = Debug|Any CPU
		{97DA2007-1F6A-462E-8BA2-B6E257280469}.Debug|Any CPU.Build.0 = Debug|Any CPU
		{97DA2007-1F6A-462E-8BA2-B6E257280469}.Debug|x64.ActiveCfg = Debug|Any CPU
		{97DA2007-1F6A-462E-8BA2-B6E257280469}.Debug|x64.Build.0 = Debug|Any CPU
		{97DA2007-1F6A-462E-8BA2-B6E257280469}.Debug|x86.ActiveCfg = Debug|Any CPU
		{97DA2007-1F6A-462E-8BA2-B6E257280469}.Debug|x86.Build.0 = Debug|Any CPU
		{97DA2007-1F6A-462E-8BA2-B6E257280469}.Release|Any CPU.ActiveCfg = Release|Any CPU
		{97DA2007-1F6A-462E-8BA2-B6E257280469}.Release|Any CPU.Build.0 = Release|Any CPU
		{97DA2007-1F6A-462E-8BA2-B6E257280469}.Release|x64.ActiveCfg = Release|Any CPU
		{97DA2007-1F6A-462E-8BA2-B6E257280469}.Release|x64.Build.0 = Release|Any CPU
		{97DA2007-1F6A-462E-8BA2-B6E257280469}.Release|x86.ActiveCfg = Release|Any CPU
		{97DA2007-1F6A-462E-8BA2-B6E257280469}.Release|x86.Build.0 = Release|Any CPU
		{A7943D7B-65BA-4774-9228-E807871AB620}.Debug|Any CPU.ActiveCfg = Debug|Any CPU
		{A7943D7B-65BA-4774-9228-E807871AB620}.Debug|Any CPU.Build.0 = Debug|Any CPU
		{A7943D7B-65BA-4774-9228-E807871AB620}.Debug|x64.ActiveCfg = Debug|Any CPU
		{A7943D7B-65BA-4774-9228-E807871AB620}.Debug|x64.Build.0 = Debug|Any CPU
		{A7943D7B-65BA-4774-9228-E807871AB620}.Debug|x86.ActiveCfg = Debug|Any CPU
		{A7943D7B-65BA-4774-9228-E807871AB620}.Debug|x86.Build.0 = Debug|Any CPU
		{A7943D7B-65BA-4774-9228-E807871AB620}.Release|Any CPU.ActiveCfg = Release|Any CPU
		{A7943D7B-65BA-4774-9228-E807871AB620}.Release|Any CPU.Build.0 = Release|Any CPU
		{A7943D7B-65BA-4774-9228-E807871AB620}.Release|x64.ActiveCfg = Release|Any CPU
		{A7943D7B-65BA-4774-9228-E807871AB620}.Release|x64.Build.0 = Release|Any CPU
		{A7943D7B-65BA-4774-9228-E807871AB620}.Release|x86.ActiveCfg = Release|Any CPU
		{A7943D7B-65BA-4774-9228-E807871AB620}.Release|x86.Build.0 = Release|Any CPU
		{3A61CE93-6B80-4D82-8187-B11D39A66853}.Debug|Any CPU.ActiveCfg = Debug|Any CPU
		{3A61CE93-6B80-4D82-8187-B11D39A66853}.Debug|Any CPU.Build.0 = Debug|Any CPU
		{3A61CE93-6B80-4D82-8187-B11D39A66853}.Debug|x64.ActiveCfg = Debug|Any CPU
		{3A61CE93-6B80-4D82-8187-B11D39A66853}.Debug|x64.Build.0 = Debug|Any CPU
		{3A61CE93-6B80-4D82-8187-B11D39A66853}.Debug|x86.ActiveCfg = Debug|Any CPU
		{3A61CE93-6B80-4D82-8187-B11D39A66853}.Debug|x86.Build.0 = Debug|Any CPU
		{3A61CE93-6B80-4D82-8187-B11D39A66853}.Release|Any CPU.ActiveCfg = Release|Any CPU
		{3A61CE93-6B80-4D82-8187-B11D39A66853}.Release|Any CPU.Build.0 = Release|Any CPU
		{3A61CE93-6B80-4D82-8187-B11D39A66853}.Release|x64.ActiveCfg = Release|Any CPU
		{3A61CE93-6B80-4D82-8187-B11D39A66853}.Release|x64.Build.0 = Release|Any CPU
		{3A61CE93-6B80-4D82-8187-B11D39A66853}.Release|x86.ActiveCfg = Release|Any CPU
		{3A61CE93-6B80-4D82-8187-B11D39A66853}.Release|x86.Build.0 = Release|Any CPU
		{4ABDD220-8505-464F-A123-9A9DE40197FC}.Debug|Any CPU.ActiveCfg = Debug|Any CPU
		{4ABDD220-8505-464F-A123-9A9DE40197FC}.Debug|Any CPU.Build.0 = Debug|Any CPU
		{4ABDD220-8505-464F-A123-9A9DE40197FC}.Debug|x64.ActiveCfg = Debug|Any CPU
		{4ABDD220-8505-464F-A123-9A9DE40197FC}.Debug|x64.Build.0 = Debug|Any CPU
		{4ABDD220-8505-464F-A123-9A9DE40197FC}.Debug|x86.ActiveCfg = Debug|Any CPU
		{4ABDD220-8505-464F-A123-9A9DE40197FC}.Debug|x86.Build.0 = Debug|Any CPU
		{4ABDD220-8505-464F-A123-9A9DE40197FC}.Release|Any CPU.ActiveCfg = Release|Any CPU
		{4ABDD220-8505-464F-A123-9A9DE40197FC}.Release|Any CPU.Build.0 = Release|Any CPU
		{4ABDD220-8505-464F-A123-9A9DE40197FC}.Release|x64.ActiveCfg = Release|Any CPU
		{4ABDD220-8505-464F-A123-9A9DE40197FC}.Release|x64.Build.0 = Release|Any CPU
		{4ABDD220-8505-464F-A123-9A9DE40197FC}.Release|x86.ActiveCfg = Release|Any CPU
		{4ABDD220-8505-464F-A123-9A9DE40197FC}.Release|x86.Build.0 = Release|Any CPU
		{68535869-C335-4893-B3C8-E9BD39D43750}.Debug|Any CPU.ActiveCfg = Debug|Any CPU
		{68535869-C335-4893-B3C8-E9BD39D43750}.Debug|Any CPU.Build.0 = Debug|Any CPU
		{68535869-C335-4893-B3C8-E9BD39D43750}.Debug|x64.ActiveCfg = Debug|Any CPU
		{68535869-C335-4893-B3C8-E9BD39D43750}.Debug|x64.Build.0 = Debug|Any CPU
		{68535869-C335-4893-B3C8-E9BD39D43750}.Debug|x86.ActiveCfg = Debug|Any CPU
		{68535869-C335-4893-B3C8-E9BD39D43750}.Debug|x86.Build.0 = Debug|Any CPU
		{68535869-C335-4893-B3C8-E9BD39D43750}.Release|Any CPU.ActiveCfg = Release|Any CPU
		{68535869-C335-4893-B3C8-E9BD39D43750}.Release|Any CPU.Build.0 = Release|Any CPU
		{68535869-C335-4893-B3C8-E9BD39D43750}.Release|x64.ActiveCfg = Release|Any CPU
		{68535869-C335-4893-B3C8-E9BD39D43750}.Release|x64.Build.0 = Release|Any CPU
		{68535869-C335-4893-B3C8-E9BD39D43750}.Release|x86.ActiveCfg = Release|Any CPU
		{68535869-C335-4893-B3C8-E9BD39D43750}.Release|x86.Build.0 = Release|Any CPU
		{BE2EC4BF-BA7F-4DA6-99AE-F43DB518760E}.Debug|Any CPU.ActiveCfg = Debug|Any CPU
		{BE2EC4BF-BA7F-4DA6-99AE-F43DB518760E}.Debug|Any CPU.Build.0 = Debug|Any CPU
		{BE2EC4BF-BA7F-4DA6-99AE-F43DB518760E}.Debug|x64.ActiveCfg = Debug|Any CPU
		{BE2EC4BF-BA7F-4DA6-99AE-F43DB518760E}.Debug|x64.Build.0 = Debug|Any CPU
		{BE2EC4BF-BA7F-4DA6-99AE-F43DB518760E}.Debug|x86.ActiveCfg = Debug|Any CPU
		{BE2EC4BF-BA7F-4DA6-99AE-F43DB518760E}.Debug|x86.Build.0 = Debug|Any CPU
		{BE2EC4BF-BA7F-4DA6-99AE-F43DB518760E}.Release|Any CPU.ActiveCfg = Release|Any CPU
		{BE2EC4BF-BA7F-4DA6-99AE-F43DB518760E}.Release|Any CPU.Build.0 = Release|Any CPU
		{BE2EC4BF-BA7F-4DA6-99AE-F43DB518760E}.Release|x64.ActiveCfg = Release|Any CPU
		{BE2EC4BF-BA7F-4DA6-99AE-F43DB518760E}.Release|x64.Build.0 = Release|Any CPU
		{BE2EC4BF-BA7F-4DA6-99AE-F43DB518760E}.Release|x86.ActiveCfg = Release|Any CPU
		{BE2EC4BF-BA7F-4DA6-99AE-F43DB518760E}.Release|x86.Build.0 = Release|Any CPU
		{5961EBA7-3545-4FD4-B30E-6949A275AB0C}.Debug|Any CPU.ActiveCfg = Debug|Any CPU
		{5961EBA7-3545-4FD4-B30E-6949A275AB0C}.Debug|Any CPU.Build.0 = Debug|Any CPU
		{5961EBA7-3545-4FD4-B30E-6949A275AB0C}.Debug|x64.ActiveCfg = Debug|Any CPU
		{5961EBA7-3545-4FD4-B30E-6949A275AB0C}.Debug|x64.Build.0 = Debug|Any CPU
		{5961EBA7-3545-4FD4-B30E-6949A275AB0C}.Debug|x86.ActiveCfg = Debug|Any CPU
		{5961EBA7-3545-4FD4-B30E-6949A275AB0C}.Debug|x86.Build.0 = Debug|Any CPU
		{5961EBA7-3545-4FD4-B30E-6949A275AB0C}.Release|Any CPU.ActiveCfg = Release|Any CPU
		{5961EBA7-3545-4FD4-B30E-6949A275AB0C}.Release|Any CPU.Build.0 = Release|Any CPU
		{5961EBA7-3545-4FD4-B30E-6949A275AB0C}.Release|x64.ActiveCfg = Release|Any CPU
		{5961EBA7-3545-4FD4-B30E-6949A275AB0C}.Release|x64.Build.0 = Release|Any CPU
		{5961EBA7-3545-4FD4-B30E-6949A275AB0C}.Release|x86.ActiveCfg = Release|Any CPU
		{5961EBA7-3545-4FD4-B30E-6949A275AB0C}.Release|x86.Build.0 = Release|Any CPU
		{E38F9524-C769-48E8-BF48-9D2E378EBDB3}.Debug|Any CPU.ActiveCfg = Debug|Any CPU
		{E38F9524-C769-48E8-BF48-9D2E378EBDB3}.Debug|Any CPU.Build.0 = Debug|Any CPU
		{E38F9524-C769-48E8-BF48-9D2E378EBDB3}.Debug|x64.ActiveCfg = Debug|Any CPU
		{E38F9524-C769-48E8-BF48-9D2E378EBDB3}.Debug|x64.Build.0 = Debug|Any CPU
		{E38F9524-C769-48E8-BF48-9D2E378EBDB3}.Debug|x86.ActiveCfg = Debug|Any CPU
		{E38F9524-C769-48E8-BF48-9D2E378EBDB3}.Debug|x86.Build.0 = Debug|Any CPU
		{E38F9524-C769-48E8-BF48-9D2E378EBDB3}.Release|Any CPU.ActiveCfg = Release|Any CPU
		{E38F9524-C769-48E8-BF48-9D2E378EBDB3}.Release|Any CPU.Build.0 = Release|Any CPU
		{E38F9524-C769-48E8-BF48-9D2E378EBDB3}.Release|x64.ActiveCfg = Release|Any CPU
		{E38F9524-C769-48E8-BF48-9D2E378EBDB3}.Release|x64.Build.0 = Release|Any CPU
		{E38F9524-C769-48E8-BF48-9D2E378EBDB3}.Release|x86.ActiveCfg = Release|Any CPU
		{E38F9524-C769-48E8-BF48-9D2E378EBDB3}.Release|x86.Build.0 = Release|Any CPU
		{7EDA6FD5-0DD6-4F79-AC68-9D34BCCC90B3}.Debug|Any CPU.ActiveCfg = Debug|Any CPU
		{7EDA6FD5-0DD6-4F79-AC68-9D34BCCC90B3}.Debug|Any CPU.Build.0 = Debug|Any CPU
		{7EDA6FD5-0DD6-4F79-AC68-9D34BCCC90B3}.Debug|x64.ActiveCfg = Debug|Any CPU
		{7EDA6FD5-0DD6-4F79-AC68-9D34BCCC90B3}.Debug|x64.Build.0 = Debug|Any CPU
		{7EDA6FD5-0DD6-4F79-AC68-9D34BCCC90B3}.Debug|x86.ActiveCfg = Debug|Any CPU
		{7EDA6FD5-0DD6-4F79-AC68-9D34BCCC90B3}.Debug|x86.Build.0 = Debug|Any CPU
		{7EDA6FD5-0DD6-4F79-AC68-9D34BCCC90B3}.Release|Any CPU.ActiveCfg = Release|Any CPU
		{7EDA6FD5-0DD6-4F79-AC68-9D34BCCC90B3}.Release|Any CPU.Build.0 = Release|Any CPU
		{7EDA6FD5-0DD6-4F79-AC68-9D34BCCC90B3}.Release|x64.ActiveCfg = Release|Any CPU
		{7EDA6FD5-0DD6-4F79-AC68-9D34BCCC90B3}.Release|x64.Build.0 = Release|Any CPU
		{7EDA6FD5-0DD6-4F79-AC68-9D34BCCC90B3}.Release|x86.ActiveCfg = Release|Any CPU
		{7EDA6FD5-0DD6-4F79-AC68-9D34BCCC90B3}.Release|x86.Build.0 = Release|Any CPU
		{B3F50FFF-DF90-4E26-A889-432FEBE91F8A}.Debug|Any CPU.ActiveCfg = Debug|Any CPU
		{B3F50FFF-DF90-4E26-A889-432FEBE91F8A}.Debug|Any CPU.Build.0 = Debug|Any CPU
		{B3F50FFF-DF90-4E26-A889-432FEBE91F8A}.Debug|x64.ActiveCfg = Debug|Any CPU
		{B3F50FFF-DF90-4E26-A889-432FEBE91F8A}.Debug|x64.Build.0 = Debug|Any CPU
		{B3F50FFF-DF90-4E26-A889-432FEBE91F8A}.Debug|x86.ActiveCfg = Debug|Any CPU
		{B3F50FFF-DF90-4E26-A889-432FEBE91F8A}.Debug|x86.Build.0 = Debug|Any CPU
		{B3F50FFF-DF90-4E26-A889-432FEBE91F8A}.Release|Any CPU.ActiveCfg = Release|Any CPU
		{B3F50FFF-DF90-4E26-A889-432FEBE91F8A}.Release|Any CPU.Build.0 = Release|Any CPU
		{B3F50FFF-DF90-4E26-A889-432FEBE91F8A}.Release|x64.ActiveCfg = Release|Any CPU
		{B3F50FFF-DF90-4E26-A889-432FEBE91F8A}.Release|x64.Build.0 = Release|Any CPU
		{B3F50FFF-DF90-4E26-A889-432FEBE91F8A}.Release|x86.ActiveCfg = Release|Any CPU
		{B3F50FFF-DF90-4E26-A889-432FEBE91F8A}.Release|x86.Build.0 = Release|Any CPU
		{BE26F0C3-D4EC-468E-993E-8945AD632BE1}.Debug|Any CPU.ActiveCfg = Debug|Any CPU
		{BE26F0C3-D4EC-468E-993E-8945AD632BE1}.Debug|Any CPU.Build.0 = Debug|Any CPU
		{BE26F0C3-D4EC-468E-993E-8945AD632BE1}.Debug|x64.ActiveCfg = Debug|Any CPU
		{BE26F0C3-D4EC-468E-993E-8945AD632BE1}.Debug|x64.Build.0 = Debug|Any CPU
		{BE26F0C3-D4EC-468E-993E-8945AD632BE1}.Debug|x86.ActiveCfg = Debug|Any CPU
		{BE26F0C3-D4EC-468E-993E-8945AD632BE1}.Debug|x86.Build.0 = Debug|Any CPU
		{BE26F0C3-D4EC-468E-993E-8945AD632BE1}.Release|Any CPU.ActiveCfg = Release|Any CPU
		{BE26F0C3-D4EC-468E-993E-8945AD632BE1}.Release|Any CPU.Build.0 = Release|Any CPU
		{BE26F0C3-D4EC-468E-993E-8945AD632BE1}.Release|x64.ActiveCfg = Release|Any CPU
		{BE26F0C3-D4EC-468E-993E-8945AD632BE1}.Release|x64.Build.0 = Release|Any CPU
		{BE26F0C3-D4EC-468E-993E-8945AD632BE1}.Release|x86.ActiveCfg = Release|Any CPU
		{BE26F0C3-D4EC-468E-993E-8945AD632BE1}.Release|x86.Build.0 = Release|Any CPU
		{997BE6EC-EB65-43EC-9BC0-750B2A57AEE2}.Debug|Any CPU.ActiveCfg = Debug|Any CPU
		{997BE6EC-EB65-43EC-9BC0-750B2A57AEE2}.Debug|Any CPU.Build.0 = Debug|Any CPU
		{997BE6EC-EB65-43EC-9BC0-750B2A57AEE2}.Debug|x64.ActiveCfg = Debug|Any CPU
		{997BE6EC-EB65-43EC-9BC0-750B2A57AEE2}.Debug|x64.Build.0 = Debug|Any CPU
		{997BE6EC-EB65-43EC-9BC0-750B2A57AEE2}.Debug|x86.ActiveCfg = Debug|Any CPU
		{997BE6EC-EB65-43EC-9BC0-750B2A57AEE2}.Debug|x86.Build.0 = Debug|Any CPU
		{997BE6EC-EB65-43EC-9BC0-750B2A57AEE2}.Release|Any CPU.ActiveCfg = Release|Any CPU
		{997BE6EC-EB65-43EC-9BC0-750B2A57AEE2}.Release|Any CPU.Build.0 = Release|Any CPU
		{997BE6EC-EB65-43EC-9BC0-750B2A57AEE2}.Release|x64.ActiveCfg = Release|Any CPU
		{997BE6EC-EB65-43EC-9BC0-750B2A57AEE2}.Release|x64.Build.0 = Release|Any CPU
		{997BE6EC-EB65-43EC-9BC0-750B2A57AEE2}.Release|x86.ActiveCfg = Release|Any CPU
		{997BE6EC-EB65-43EC-9BC0-750B2A57AEE2}.Release|x86.Build.0 = Release|Any CPU
		{EC686AFC-4156-40E1-BB5A-22D8E1AAD682}.Debug|Any CPU.ActiveCfg = Debug|Any CPU
		{EC686AFC-4156-40E1-BB5A-22D8E1AAD682}.Debug|Any CPU.Build.0 = Debug|Any CPU
		{EC686AFC-4156-40E1-BB5A-22D8E1AAD682}.Debug|x64.ActiveCfg = Debug|Any CPU
		{EC686AFC-4156-40E1-BB5A-22D8E1AAD682}.Debug|x64.Build.0 = Debug|Any CPU
		{EC686AFC-4156-40E1-BB5A-22D8E1AAD682}.Debug|x86.ActiveCfg = Debug|Any CPU
		{EC686AFC-4156-40E1-BB5A-22D8E1AAD682}.Debug|x86.Build.0 = Debug|Any CPU
		{EC686AFC-4156-40E1-BB5A-22D8E1AAD682}.Release|Any CPU.ActiveCfg = Release|Any CPU
		{EC686AFC-4156-40E1-BB5A-22D8E1AAD682}.Release|Any CPU.Build.0 = Release|Any CPU
		{EC686AFC-4156-40E1-BB5A-22D8E1AAD682}.Release|x64.ActiveCfg = Release|Any CPU
		{EC686AFC-4156-40E1-BB5A-22D8E1AAD682}.Release|x64.Build.0 = Release|Any CPU
		{EC686AFC-4156-40E1-BB5A-22D8E1AAD682}.Release|x86.ActiveCfg = Release|Any CPU
		{EC686AFC-4156-40E1-BB5A-22D8E1AAD682}.Release|x86.Build.0 = Release|Any CPU
		{7B2A334A-80A3-4BED-B595-B44153778B05}.Debug|Any CPU.ActiveCfg = Debug|Any CPU
		{7B2A334A-80A3-4BED-B595-B44153778B05}.Debug|Any CPU.Build.0 = Debug|Any CPU
		{7B2A334A-80A3-4BED-B595-B44153778B05}.Debug|x64.ActiveCfg = Debug|Any CPU
		{7B2A334A-80A3-4BED-B595-B44153778B05}.Debug|x64.Build.0 = Debug|Any CPU
		{7B2A334A-80A3-4BED-B595-B44153778B05}.Debug|x86.ActiveCfg = Debug|Any CPU
		{7B2A334A-80A3-4BED-B595-B44153778B05}.Debug|x86.Build.0 = Debug|Any CPU
		{7B2A334A-80A3-4BED-B595-B44153778B05}.Release|Any CPU.ActiveCfg = Release|Any CPU
		{7B2A334A-80A3-4BED-B595-B44153778B05}.Release|Any CPU.Build.0 = Release|Any CPU
		{7B2A334A-80A3-4BED-B595-B44153778B05}.Release|x64.ActiveCfg = Release|Any CPU
		{7B2A334A-80A3-4BED-B595-B44153778B05}.Release|x64.Build.0 = Release|Any CPU
		{7B2A334A-80A3-4BED-B595-B44153778B05}.Release|x86.ActiveCfg = Release|Any CPU
		{7B2A334A-80A3-4BED-B595-B44153778B05}.Release|x86.Build.0 = Release|Any CPU
		{DEDCF2A1-4B83-475F-AFF4-A981F8D8D463}.Debug|Any CPU.ActiveCfg = Debug|Any CPU
		{DEDCF2A1-4B83-475F-AFF4-A981F8D8D463}.Debug|Any CPU.Build.0 = Debug|Any CPU
		{DEDCF2A1-4B83-475F-AFF4-A981F8D8D463}.Debug|x64.ActiveCfg = Debug|Any CPU
		{DEDCF2A1-4B83-475F-AFF4-A981F8D8D463}.Debug|x64.Build.0 = Debug|Any CPU
		{DEDCF2A1-4B83-475F-AFF4-A981F8D8D463}.Debug|x86.ActiveCfg = Debug|Any CPU
		{DEDCF2A1-4B83-475F-AFF4-A981F8D8D463}.Debug|x86.Build.0 = Debug|Any CPU
		{DEDCF2A1-4B83-475F-AFF4-A981F8D8D463}.Release|Any CPU.ActiveCfg = Release|Any CPU
		{DEDCF2A1-4B83-475F-AFF4-A981F8D8D463}.Release|Any CPU.Build.0 = Release|Any CPU
		{DEDCF2A1-4B83-475F-AFF4-A981F8D8D463}.Release|x64.ActiveCfg = Release|Any CPU
		{DEDCF2A1-4B83-475F-AFF4-A981F8D8D463}.Release|x64.Build.0 = Release|Any CPU
		{DEDCF2A1-4B83-475F-AFF4-A981F8D8D463}.Release|x86.ActiveCfg = Release|Any CPU
		{DEDCF2A1-4B83-475F-AFF4-A981F8D8D463}.Release|x86.Build.0 = Release|Any CPU
		{A6C3ED28-36FA-4031-9868-6E3D5721663E}.Debug|Any CPU.ActiveCfg = Debug|Any CPU
		{A6C3ED28-36FA-4031-9868-6E3D5721663E}.Debug|Any CPU.Build.0 = Debug|Any CPU
		{A6C3ED28-36FA-4031-9868-6E3D5721663E}.Debug|x64.ActiveCfg = Debug|Any CPU
		{A6C3ED28-36FA-4031-9868-6E3D5721663E}.Debug|x64.Build.0 = Debug|Any CPU
		{A6C3ED28-36FA-4031-9868-6E3D5721663E}.Debug|x86.ActiveCfg = Debug|Any CPU
		{A6C3ED28-36FA-4031-9868-6E3D5721663E}.Debug|x86.Build.0 = Debug|Any CPU
		{A6C3ED28-36FA-4031-9868-6E3D5721663E}.Release|Any CPU.ActiveCfg = Release|Any CPU
		{A6C3ED28-36FA-4031-9868-6E3D5721663E}.Release|Any CPU.Build.0 = Release|Any CPU
		{A6C3ED28-36FA-4031-9868-6E3D5721663E}.Release|x64.ActiveCfg = Release|Any CPU
		{A6C3ED28-36FA-4031-9868-6E3D5721663E}.Release|x64.Build.0 = Release|Any CPU
		{A6C3ED28-36FA-4031-9868-6E3D5721663E}.Release|x86.ActiveCfg = Release|Any CPU
		{A6C3ED28-36FA-4031-9868-6E3D5721663E}.Release|x86.Build.0 = Release|Any CPU
	EndGlobalSection
	GlobalSection(SolutionProperties) = preSolution
		HideSolutionNode = FALSE
	EndGlobalSection
	GlobalSection(ExtensibilityGlobals) = postSolution
		SolutionGuid = {A5B86B79-4C3A-40A8-A5D8-D8D10064BED2}
	EndGlobalSection
EndGlobal
